// !$*UTF8*$!
{
	archiveVersion = 1;
	classes = {
	};
	objectVersion = 46;
	objects = {

/* Begin PBXBuildFile section */
		8E01775A1C843819004E7A46 /* WebsViewController.swift in Sources */ = {isa = PBXBuildFile; fileRef = 8E0177591C843819004E7A46 /* WebsViewController.swift */; };
		8E1AC9191CA937B30091D8BB /* VideoCollectionViewCell.swift in Sources */ = {isa = PBXBuildFile; fileRef = 8E1AC9181CA937B30091D8BB /* VideoCollectionViewCell.swift */; };
		8E1AC9891CA960820091D8BB /* 0.jpg in Resources */ = {isa = PBXBuildFile; fileRef = 8E1AC96A1CA960820091D8BB /* 0.jpg */; };
		8E1AC98A1CA960820091D8BB /* 1.jpg in Resources */ = {isa = PBXBuildFile; fileRef = 8E1AC96B1CA960820091D8BB /* 1.jpg */; };
		8E1AC98B1CA960820091D8BB /* 10.jpg in Resources */ = {isa = PBXBuildFile; fileRef = 8E1AC96C1CA960820091D8BB /* 10.jpg */; };
		8E1AC98C1CA960820091D8BB /* 11.jpg in Resources */ = {isa = PBXBuildFile; fileRef = 8E1AC96D1CA960820091D8BB /* 11.jpg */; };
		8E1AC98D1CA960820091D8BB /* 12.jpg in Resources */ = {isa = PBXBuildFile; fileRef = 8E1AC96E1CA960820091D8BB /* 12.jpg */; };
		8E1AC98E1CA960820091D8BB /* 13.jpg in Resources */ = {isa = PBXBuildFile; fileRef = 8E1AC96F1CA960820091D8BB /* 13.jpg */; };
		8E1AC98F1CA960820091D8BB /* 14.jpg in Resources */ = {isa = PBXBuildFile; fileRef = 8E1AC9701CA960820091D8BB /* 14.jpg */; };
		8E1AC9901CA960820091D8BB /* 15.jpg in Resources */ = {isa = PBXBuildFile; fileRef = 8E1AC9711CA960820091D8BB /* 15.jpg */; };
		8E1AC9911CA960820091D8BB /* 16.jpg in Resources */ = {isa = PBXBuildFile; fileRef = 8E1AC9721CA960820091D8BB /* 16.jpg */; };
		8E1AC9921CA960820091D8BB /* 17.jpg in Resources */ = {isa = PBXBuildFile; fileRef = 8E1AC9731CA960820091D8BB /* 17.jpg */; };
		8E1AC9931CA960820091D8BB /* 18.jpg in Resources */ = {isa = PBXBuildFile; fileRef = 8E1AC9741CA960820091D8BB /* 18.jpg */; };
		8E1AC9941CA960820091D8BB /* 19.jpg in Resources */ = {isa = PBXBuildFile; fileRef = 8E1AC9751CA960820091D8BB /* 19.jpg */; };
		8E1AC9951CA960820091D8BB /* 2.jpg in Resources */ = {isa = PBXBuildFile; fileRef = 8E1AC9761CA960820091D8BB /* 2.jpg */; };
		8E1AC9961CA960820091D8BB /* 20.jpg in Resources */ = {isa = PBXBuildFile; fileRef = 8E1AC9771CA960820091D8BB /* 20.jpg */; };
		8E1AC9971CA960820091D8BB /* 21.jpg in Resources */ = {isa = PBXBuildFile; fileRef = 8E1AC9781CA960820091D8BB /* 21.jpg */; };
		8E1AC9981CA960820091D8BB /* 22.jpg in Resources */ = {isa = PBXBuildFile; fileRef = 8E1AC9791CA960820091D8BB /* 22.jpg */; };
		8E1AC9991CA960820091D8BB /* 23.jpg in Resources */ = {isa = PBXBuildFile; fileRef = 8E1AC97A1CA960820091D8BB /* 23.jpg */; };
		8E1AC99A1CA960820091D8BB /* 24.jpg in Resources */ = {isa = PBXBuildFile; fileRef = 8E1AC97B1CA960820091D8BB /* 24.jpg */; };
		8E1AC99B1CA960820091D8BB /* 3.jpg in Resources */ = {isa = PBXBuildFile; fileRef = 8E1AC97C1CA960820091D8BB /* 3.jpg */; };
		8E1AC99C1CA960820091D8BB /* 4.jpg in Resources */ = {isa = PBXBuildFile; fileRef = 8E1AC97D1CA960820091D8BB /* 4.jpg */; };
		8E1AC99D1CA960820091D8BB /* 5.jpg in Resources */ = {isa = PBXBuildFile; fileRef = 8E1AC97E1CA960820091D8BB /* 5.jpg */; };
		8E1AC99E1CA960820091D8BB /* 6.jpg in Resources */ = {isa = PBXBuildFile; fileRef = 8E1AC97F1CA960820091D8BB /* 6.jpg */; };
		8E1AC99F1CA960820091D8BB /* 7.jpg in Resources */ = {isa = PBXBuildFile; fileRef = 8E1AC9801CA960820091D8BB /* 7.jpg */; };
		8E1AC9A01CA960820091D8BB /* 8.jpg in Resources */ = {isa = PBXBuildFile; fileRef = 8E1AC9811CA960820091D8BB /* 8.jpg */; };
		8E1AC9A11CA960820091D8BB /* 9.jpg in Resources */ = {isa = PBXBuildFile; fileRef = 8E1AC9821CA960820091D8BB /* 9.jpg */; };
		8E1AC9A21CA960820091D8BB /* 0.png in Resources */ = {isa = PBXBuildFile; fileRef = 8E1AC9841CA960820091D8BB /* 0.png */; };
		8E1AC9A31CA960820091D8BB /* 1.png in Resources */ = {isa = PBXBuildFile; fileRef = 8E1AC9851CA960820091D8BB /* 1.png */; };
		8E1AC9A41CA960820091D8BB /* 2.png in Resources */ = {isa = PBXBuildFile; fileRef = 8E1AC9861CA960820091D8BB /* 2.png */; };
		8E1AC9A51CA960820091D8BB /* 3.png in Resources */ = {isa = PBXBuildFile; fileRef = 8E1AC9871CA960820091D8BB /* 3.png */; };
		8E1AC9A61CA960820091D8BB /* 4.png in Resources */ = {isa = PBXBuildFile; fileRef = 8E1AC9881CA960820091D8BB /* 4.png */; };
		8E1DD6021CAE78D300D55893 /* PhotoCollectionViewCell.swift in Sources */ = {isa = PBXBuildFile; fileRef = 8E1DD6011CAE78D300D55893 /* PhotoCollectionViewCell.swift */; };
		8E1DD6041CAE7F2800D55893 /* SelectPhotosViewController.swift in Sources */ = {isa = PBXBuildFile; fileRef = 8E1DD6031CAE7F2800D55893 /* SelectPhotosViewController.swift */; };
		8E1DD6061CB26A3D00D55893 /* ShareViewController.swift in Sources */ = {isa = PBXBuildFile; fileRef = 8E1DD6051CB26A3D00D55893 /* ShareViewController.swift */; };
		8E1DD6081CB2896500D55893 /* zodiacs.json in Resources */ = {isa = PBXBuildFile; fileRef = 8E1DD6071CB2896500D55893 /* zodiacs.json */; };
		8E1DD60A1CB2978500D55893 /* ShowZodiacViewController.swift in Sources */ = {isa = PBXBuildFile; fileRef = 8E1DD6091CB2978500D55893 /* ShowZodiacViewController.swift */; };
		8E1DD60C1CB2A79900D55893 /* DateTableViewCell.swift in Sources */ = {isa = PBXBuildFile; fileRef = 8E1DD60B1CB2A79900D55893 /* DateTableViewCell.swift */; };
		8E1DD60F1CB6894700D55893 /* names.json in Resources */ = {isa = PBXBuildFile; fileRef = 8E1DD60E1CB6894700D55893 /* names.json */; };
		8E20A0961C7F3A8D00CD6141 /* NameViewController.swift in Sources */ = {isa = PBXBuildFile; fileRef = 8E20A0951C7F3A8D00CD6141 /* NameViewController.swift */; };
		8E20C8B41C998F430003C1CF /* ContentCollectionViewCell.swift in Sources */ = {isa = PBXBuildFile; fileRef = 8E20C8B11C998F430003C1CF /* ContentCollectionViewCell.swift */; };
		8E20C8B51C998F430003C1CF /* ContentCollectionViewCell.xib in Resources */ = {isa = PBXBuildFile; fileRef = 8E20C8B21C998F430003C1CF /* ContentCollectionViewCell.xib */; };
		8E20C8B61C998F430003C1CF /* CustomCollectionViewLayout.swift in Sources */ = {isa = PBXBuildFile; fileRef = 8E20C8B31C998F430003C1CF /* CustomCollectionViewLayout.swift */; };
		8E20C8B91C998F520003C1CF /* NumberCollectionViewCell.swift in Sources */ = {isa = PBXBuildFile; fileRef = 8E20C8B71C998F520003C1CF /* NumberCollectionViewCell.swift */; };
		8E20C8BA1C998F520003C1CF /* NumberCollectionViewCell.xib in Resources */ = {isa = PBXBuildFile; fileRef = 8E20C8B81C998F520003C1CF /* NumberCollectionViewCell.xib */; };
		8E2538F11C84746D00B3C54E /* Plist.swift in Sources */ = {isa = PBXBuildFile; fileRef = 8E2538F01C84746D00B3C54E /* Plist.swift */; };
		8E2538F31C84779F00B3C54E /* userInfo.plist in Resources */ = {isa = PBXBuildFile; fileRef = 8E2538F21C84779F00B3C54E /* userInfo.plist */; };
		8E2538FA1C848E5100B3C54E /* LineChart.swift in Sources */ = {isa = PBXBuildFile; fileRef = 8E2538F91C848E5100B3C54E /* LineChart.swift */; };
		8E4FACC01C89CADF003405D0 /* MapKit.framework in Frameworks */ = {isa = PBXBuildFile; fileRef = 8E4FACBF1C89CADF003405D0 /* MapKit.framework */; };
		8E4FACC21C89CE1C003405D0 /* InternetConnection.swift in Sources */ = {isa = PBXBuildFile; fileRef = 8E4FACC11C89CE1C003405D0 /* InternetConnection.swift */; };
		8E51BF131CA2AA8000D8D739 /* TableViewCell.swift in Sources */ = {isa = PBXBuildFile; fileRef = 8E51BF121CA2AA8000D8D739 /* TableViewCell.swift */; };
		8E51BF191CA2D00200D8D739 /* BubbleView.swift in Sources */ = {isa = PBXBuildFile; fileRef = 8E51BF151CA2D00200D8D739 /* BubbleView.swift */; };
		8E51BF1A1CA2D00200D8D739 /* CalloutAnnotation.swift in Sources */ = {isa = PBXBuildFile; fileRef = 8E51BF161CA2D00200D8D739 /* CalloutAnnotation.swift */; };
		8E51BF1B1CA2D00200D8D739 /* CalloutAnnotationView.swift in Sources */ = {isa = PBXBuildFile; fileRef = 8E51BF171CA2D00200D8D739 /* CalloutAnnotationView.swift */; };
		8E51BF1C1CA2D00200D8D739 /* CustomAnnotation.swift in Sources */ = {isa = PBXBuildFile; fileRef = 8E51BF181CA2D00200D8D739 /* CustomAnnotation.swift */; };
		8E51BF2D1CA3E8E900D8D739 /* points.json in Resources */ = {isa = PBXBuildFile; fileRef = 8E51BF2C1CA3E8E900D8D739 /* points.json */; };
		8E5618991CAA89AA00C9B7D1 /* YouTubePlayer.framework in Frameworks */ = {isa = PBXBuildFile; fileRef = 8E5618981CAA89AA00C9B7D1 /* YouTubePlayer.framework */; };
		8E56189B1CAA8B2A00C9B7D1 /* YouTubePlayer.framework in Embed Frameworks */ = {isa = PBXBuildFile; fileRef = 8E5618981CAA89AA00C9B7D1 /* YouTubePlayer.framework */; settings = {ATTRIBUTES = (CodeSignOnCopy, RemoveHeadersOnCopy, ); }; };
		8E56189E1CAA8B9100C9B7D1 /* YouTubePlayer.swift in Sources */ = {isa = PBXBuildFile; fileRef = 8E56189D1CAA8B9100C9B7D1 /* YouTubePlayer.swift */; };
		8E5618A01CAA8BF600C9B7D1 /* YTPlayer.html in Resources */ = {isa = PBXBuildFile; fileRef = 8E56189F1CAA8BF600C9B7D1 /* YTPlayer.html */; };
		8E5A6B991CD203F80073B693 /* DesireTableViewCell.swift in Sources */ = {isa = PBXBuildFile; fileRef = 8E5A6B981CD203F80073B693 /* DesireTableViewCell.swift */; };
		8E5A6BA91CD20C7D0073B693 /* 0z.jpg in Resources */ = {isa = PBXBuildFile; fileRef = 8E5A6B9D1CD20C7D0073B693 /* 0z.jpg */; };
		8E5A6BAA1CD20C7D0073B693 /* 1z.jpg in Resources */ = {isa = PBXBuildFile; fileRef = 8E5A6B9E1CD20C7D0073B693 /* 1z.jpg */; };
		8E5A6BAB1CD20C7D0073B693 /* 2z.jpg in Resources */ = {isa = PBXBuildFile; fileRef = 8E5A6B9F1CD20C7D0073B693 /* 2z.jpg */; };
		8E5A6BAC1CD20C7D0073B693 /* 3z.jpg in Resources */ = {isa = PBXBuildFile; fileRef = 8E5A6BA01CD20C7D0073B693 /* 3z.jpg */; };
		8E5A6BAD1CD20C7D0073B693 /* 4z.jpg in Resources */ = {isa = PBXBuildFile; fileRef = 8E5A6BA11CD20C7D0073B693 /* 4z.jpg */; };
		8E5A6BAE1CD20C7D0073B693 /* 5z.jpg in Resources */ = {isa = PBXBuildFile; fileRef = 8E5A6BA21CD20C7D0073B693 /* 5z.jpg */; };
		8E5A6BAF1CD20C7D0073B693 /* 6z.jpg in Resources */ = {isa = PBXBuildFile; fileRef = 8E5A6BA31CD20C7D0073B693 /* 6z.jpg */; };
		8E5A6BB01CD20C7D0073B693 /* 7z.jpg in Resources */ = {isa = PBXBuildFile; fileRef = 8E5A6BA41CD20C7D0073B693 /* 7z.jpg */; };
		8E5A6BB11CD20C7D0073B693 /* 8z.jpg in Resources */ = {isa = PBXBuildFile; fileRef = 8E5A6BA51CD20C7D0073B693 /* 8z.jpg */; };
		8E5A6BB21CD20C7D0073B693 /* 9z.jpg in Resources */ = {isa = PBXBuildFile; fileRef = 8E5A6BA61CD20C7D0073B693 /* 9z.jpg */; };
		8E5A6BB31CD20C7D0073B693 /* 10z.jpg in Resources */ = {isa = PBXBuildFile; fileRef = 8E5A6BA71CD20C7D0073B693 /* 10z.jpg */; };
		8E5A6BB41CD20C7D0073B693 /* 11z.jpg in Resources */ = {isa = PBXBuildFile; fileRef = 8E5A6BA81CD20C7D0073B693 /* 11z.jpg */; };
		8E6D50331C7F047100878957 /* SkirmishCountViewController.swift in Sources */ = {isa = PBXBuildFile; fileRef = 8E6D50321C7F047100878957 /* SkirmishCountViewController.swift */; };
		8E6D50351C7F04F100878957 /* WeightDiagramViewController.swift in Sources */ = {isa = PBXBuildFile; fileRef = 8E6D50341C7F04F100878957 /* WeightDiagramViewController.swift */; };
		8E6D50371C7F053B00878957 /* PhotosViewController.swift in Sources */ = {isa = PBXBuildFile; fileRef = 8E6D50361C7F053B00878957 /* PhotosViewController.swift */; };
		8E6D50391C7F056200878957 /* VideosViewController.swift in Sources */ = {isa = PBXBuildFile; fileRef = 8E6D50381C7F056200878957 /* VideosViewController.swift */; };
		8E6D503B1C7F05AA00878957 /* NotesViewController.swift in Sources */ = {isa = PBXBuildFile; fileRef = 8E6D503A1C7F05AA00878957 /* NotesViewController.swift */; };
		8E6D503D1C7F05D700878957 /* ForumViewController.swift in Sources */ = {isa = PBXBuildFile; fileRef = 8E6D503C1C7F05D700878957 /* ForumViewController.swift */; };
		8E6D503F1C7F063A00878957 /* ExperienceViewController.swift in Sources */ = {isa = PBXBuildFile; fileRef = 8E6D503E1C7F063A00878957 /* ExperienceViewController.swift */; };
		8E6D50411C7F068000878957 /* CalendarViewController.swift in Sources */ = {isa = PBXBuildFile; fileRef = 8E6D50401C7F068000878957 /* CalendarViewController.swift */; };
		8E6D50431C7F06BE00878957 /* BuyViewController.swift in Sources */ = {isa = PBXBuildFile; fileRef = 8E6D50421C7F06BE00878957 /* BuyViewController.swift */; };
		8E6D50451C7F06D300878957 /* ExportViewController.swift in Sources */ = {isa = PBXBuildFile; fileRef = 8E6D50441C7F06D300878957 /* ExportViewController.swift */; };
		8E90A4131C7DF093001F3A07 /* AppDelegate.swift in Sources */ = {isa = PBXBuildFile; fileRef = 8E90A4121C7DF093001F3A07 /* AppDelegate.swift */; };
		8E90A4181C7DF093001F3A07 /* Main.storyboard in Resources */ = {isa = PBXBuildFile; fileRef = 8E90A4161C7DF093001F3A07 /* Main.storyboard */; };
		8E90A41B1C7DF093001F3A07 /* rodicalc.xcdatamodeld in Sources */ = {isa = PBXBuildFile; fileRef = 8E90A4191C7DF093001F3A07 /* rodicalc.xcdatamodeld */; };
		8E90A41D1C7DF093001F3A07 /* Assets.xcassets in Resources */ = {isa = PBXBuildFile; fileRef = 8E90A41C1C7DF093001F3A07 /* Assets.xcassets */; };
		8E90A4201C7DF093001F3A07 /* LaunchScreen.storyboard in Resources */ = {isa = PBXBuildFile; fileRef = 8E90A41E1C7DF093001F3A07 /* LaunchScreen.storyboard */; };
		8E90A42B1C7DF093001F3A07 /* rodicalcTests.swift in Sources */ = {isa = PBXBuildFile; fileRef = 8E90A42A1C7DF093001F3A07 /* rodicalcTests.swift */; };
		8E90A4361C7DF093001F3A07 /* rodicalcUITests.swift in Sources */ = {isa = PBXBuildFile; fileRef = 8E90A4351C7DF093001F3A07 /* rodicalcUITests.swift */; };
		8E90A44F1C7DF20E001F3A07 /* MasterTableViewController.swift in Sources */ = {isa = PBXBuildFile; fileRef = 8E90A44E1C7DF20E001F3A07 /* MasterTableViewController.swift */; };
		8E90A4511C7DF36D001F3A07 /* CalcTableViewController.swift in Sources */ = {isa = PBXBuildFile; fileRef = 8E90A4501C7DF36D001F3A07 /* CalcTableViewController.swift */; };
		8E90A4531C7DF381001F3A07 /* NamesViewController.swift in Sources */ = {isa = PBXBuildFile; fileRef = 8E90A4521C7DF381001F3A07 /* NamesViewController.swift */; };
		8EEAC2CA1CC4E48E007B4643 /* CVAuxiliaryView.swift in Sources */ = {isa = PBXBuildFile; fileRef = 8EEAC2AF1CC4E48E007B4643 /* CVAuxiliaryView.swift */; };
		8EEAC2CB1CC4E48E007B4643 /* CVCalendarContentViewController.swift in Sources */ = {isa = PBXBuildFile; fileRef = 8EEAC2B01CC4E48E007B4643 /* CVCalendarContentViewController.swift */; };
		8EEAC2CC1CC4E48E007B4643 /* CVCalendarDayView.swift in Sources */ = {isa = PBXBuildFile; fileRef = 8EEAC2B11CC4E48E007B4643 /* CVCalendarDayView.swift */; };
		8EEAC2CD1CC4E48E007B4643 /* CVCalendarDayViewControlCoordinator.swift in Sources */ = {isa = PBXBuildFile; fileRef = 8EEAC2B21CC4E48E007B4643 /* CVCalendarDayViewControlCoordinator.swift */; };
		8EEAC2CE1CC4E48E007B4643 /* CVCalendarManager.swift in Sources */ = {isa = PBXBuildFile; fileRef = 8EEAC2B31CC4E48E007B4643 /* CVCalendarManager.swift */; };
		8EEAC2CF1CC4E48E007B4643 /* CVCalendarMenuView.swift in Sources */ = {isa = PBXBuildFile; fileRef = 8EEAC2B41CC4E48E007B4643 /* CVCalendarMenuView.swift */; };
		8EEAC2D01CC4E48E007B4643 /* CVCalendarMenuViewDelegate.swift in Sources */ = {isa = PBXBuildFile; fileRef = 8EEAC2B51CC4E48E007B4643 /* CVCalendarMenuViewDelegate.swift */; };
		8EEAC2D11CC4E48E007B4643 /* CVCalendarMonthContentViewController.swift in Sources */ = {isa = PBXBuildFile; fileRef = 8EEAC2B61CC4E48E007B4643 /* CVCalendarMonthContentViewController.swift */; };
		8EEAC2D21CC4E48E007B4643 /* CVCalendarMonthView.swift in Sources */ = {isa = PBXBuildFile; fileRef = 8EEAC2B71CC4E48E007B4643 /* CVCalendarMonthView.swift */; };
		8EEAC2D31CC4E48E007B4643 /* CVCalendarTouchController.swift in Sources */ = {isa = PBXBuildFile; fileRef = 8EEAC2B81CC4E48E007B4643 /* CVCalendarTouchController.swift */; };
		8EEAC2D41CC4E48E007B4643 /* CVCalendarView.swift in Sources */ = {isa = PBXBuildFile; fileRef = 8EEAC2B91CC4E48E007B4643 /* CVCalendarView.swift */; };
		8EEAC2D51CC4E48E007B4643 /* CVCalendarViewAnimator.swift in Sources */ = {isa = PBXBuildFile; fileRef = 8EEAC2BA1CC4E48E007B4643 /* CVCalendarViewAnimator.swift */; };
		8EEAC2D61CC4E48E007B4643 /* CVCalendarViewAnimatorDelegate.swift in Sources */ = {isa = PBXBuildFile; fileRef = 8EEAC2BB1CC4E48E007B4643 /* CVCalendarViewAnimatorDelegate.swift */; };
		8EEAC2D71CC4E48E007B4643 /* CVCalendarViewAppearance.swift in Sources */ = {isa = PBXBuildFile; fileRef = 8EEAC2BC1CC4E48E007B4643 /* CVCalendarViewAppearance.swift */; };
		8EEAC2D81CC4E48E007B4643 /* CVCalendarViewAppearanceDelegate.swift in Sources */ = {isa = PBXBuildFile; fileRef = 8EEAC2BD1CC4E48E007B4643 /* CVCalendarViewAppearanceDelegate.swift */; };
		8EEAC2D91CC4E48E007B4643 /* CVCalendarViewDelegate.swift in Sources */ = {isa = PBXBuildFile; fileRef = 8EEAC2BE1CC4E48E007B4643 /* CVCalendarViewDelegate.swift */; };
		8EEAC2DA1CC4E48E007B4643 /* CVCalendarViewPresentationMode.swift in Sources */ = {isa = PBXBuildFile; fileRef = 8EEAC2BF1CC4E48E007B4643 /* CVCalendarViewPresentationMode.swift */; };
		8EEAC2DB1CC4E48E007B4643 /* CVCalendarWeekContentViewController.swift in Sources */ = {isa = PBXBuildFile; fileRef = 8EEAC2C01CC4E48E007B4643 /* CVCalendarWeekContentViewController.swift */; };
		8EEAC2DC1CC4E48E007B4643 /* CVCalendarWeekday.swift in Sources */ = {isa = PBXBuildFile; fileRef = 8EEAC2C11CC4E48E007B4643 /* CVCalendarWeekday.swift */; };
		8EEAC2DD1CC4E48E007B4643 /* CVCalendarWeekView.swift in Sources */ = {isa = PBXBuildFile; fileRef = 8EEAC2C21CC4E48E007B4643 /* CVCalendarWeekView.swift */; };
		8EEAC2DE1CC4E48E007B4643 /* CVDate.swift in Sources */ = {isa = PBXBuildFile; fileRef = 8EEAC2C31CC4E48E007B4643 /* CVDate.swift */; };
		8EEAC2DF1CC4E48E007B4643 /* CVRange.swift in Sources */ = {isa = PBXBuildFile; fileRef = 8EEAC2C41CC4E48E007B4643 /* CVRange.swift */; };
		8EEAC2E01CC4E48E007B4643 /* CVScrollDirection.swift in Sources */ = {isa = PBXBuildFile; fileRef = 8EEAC2C51CC4E48E007B4643 /* CVScrollDirection.swift */; };
		8EEAC2E11CC4E48E007B4643 /* CVSelectionType.swift in Sources */ = {isa = PBXBuildFile; fileRef = 8EEAC2C61CC4E48E007B4643 /* CVSelectionType.swift */; };
		8EEAC2E21CC4E48E007B4643 /* CVSet.swift in Sources */ = {isa = PBXBuildFile; fileRef = 8EEAC2C71CC4E48E007B4643 /* CVSet.swift */; };
		8EEAC2E31CC4E48E007B4643 /* CVShape.swift in Sources */ = {isa = PBXBuildFile; fileRef = 8EEAC2C81CC4E48E007B4643 /* CVShape.swift */; };
		8EEAC2E41CC4E48E007B4643 /* CVWeekdaySymbolType.swift in Sources */ = {isa = PBXBuildFile; fileRef = 8EEAC2C91CC4E48E007B4643 /* CVWeekdaySymbolType.swift */; };
		8EEAC2EF1CCE0E21007B4643 /* watchP.jpg in Resources */ = {isa = PBXBuildFile; fileRef = 8EEAC2ED1CCE0E21007B4643 /* watchP.jpg */; };
		8EEAC2F01CCE0E21007B4643 /* watchG.jpg in Resources */ = {isa = PBXBuildFile; fileRef = 8EEAC2EE1CCE0E21007B4643 /* watchG.jpg */; };
		8EEAC3181CCE53F7007B4643 /* libsqlite3.dylib in Frameworks */ = {isa = PBXBuildFile; fileRef = 8EEAC3171CCE53F7007B4643 /* libsqlite3.dylib */; };
		8EEAC3331CCE542F007B4643 /* Blob.swift in Sources */ = {isa = PBXBuildFile; fileRef = 8EEAC31B1CCE542F007B4643 /* Blob.swift */; };
		8EEAC3341CCE542F007B4643 /* Connection.swift in Sources */ = {isa = PBXBuildFile; fileRef = 8EEAC31C1CCE542F007B4643 /* Connection.swift */; };
		8EEAC3351CCE542F007B4643 /* SQLite-Bridging.m in Sources */ = {isa = PBXBuildFile; fileRef = 8EEAC31F1CCE542F007B4643 /* SQLite-Bridging.m */; };
		8EEAC3361CCE542F007B4643 /* Statement.swift in Sources */ = {isa = PBXBuildFile; fileRef = 8EEAC3201CCE542F007B4643 /* Statement.swift */; };
		8EEAC3371CCE542F007B4643 /* Value.swift in Sources */ = {isa = PBXBuildFile; fileRef = 8EEAC3211CCE542F007B4643 /* Value.swift */; };
		8EEAC3381CCE542F007B4643 /* FTS4.swift in Sources */ = {isa = PBXBuildFile; fileRef = 8EEAC3231CCE542F007B4643 /* FTS4.swift */; };
		8EEAC3391CCE542F007B4643 /* R*Tree.swift in Sources */ = {isa = PBXBuildFile; fileRef = 8EEAC3241CCE542F007B4643 /* R*Tree.swift */; };
		8EEAC33A1CCE542F007B4643 /* Foundation.swift in Sources */ = {isa = PBXBuildFile; fileRef = 8EEAC3251CCE542F007B4643 /* Foundation.swift */; };
		8EEAC33B1CCE542F007B4643 /* Helpers.swift in Sources */ = {isa = PBXBuildFile; fileRef = 8EEAC3261CCE542F007B4643 /* Helpers.swift */; };
		8EEAC33C1CCE542F007B4643 /* Info.plist in Resources */ = {isa = PBXBuildFile; fileRef = 8EEAC3271CCE542F007B4643 /* Info.plist */; };
		8EEAC33D1CCE542F007B4643 /* AggregateFunctions.swift in Sources */ = {isa = PBXBuildFile; fileRef = 8EEAC32A1CCE542F007B4643 /* AggregateFunctions.swift */; };
		8EEAC33E1CCE542F007B4643 /* Collation.swift in Sources */ = {isa = PBXBuildFile; fileRef = 8EEAC32B1CCE542F007B4643 /* Collation.swift */; };
		8EEAC33F1CCE542F007B4643 /* CoreFunctions.swift in Sources */ = {isa = PBXBuildFile; fileRef = 8EEAC32C1CCE542F007B4643 /* CoreFunctions.swift */; };
		8EEAC3401CCE542F007B4643 /* CustomFunctions.swift in Sources */ = {isa = PBXBuildFile; fileRef = 8EEAC32D1CCE542F007B4643 /* CustomFunctions.swift */; };
		8EEAC3411CCE542F007B4643 /* Expression.swift in Sources */ = {isa = PBXBuildFile; fileRef = 8EEAC32E1CCE542F007B4643 /* Expression.swift */; };
		8EEAC3421CCE542F007B4643 /* Operators.swift in Sources */ = {isa = PBXBuildFile; fileRef = 8EEAC32F1CCE542F007B4643 /* Operators.swift */; };
		8EEAC3431CCE542F007B4643 /* Query.swift in Sources */ = {isa = PBXBuildFile; fileRef = 8EEAC3301CCE542F007B4643 /* Query.swift */; };
		8EEAC3441CCE542F007B4643 /* Schema.swift in Sources */ = {isa = PBXBuildFile; fileRef = 8EEAC3311CCE542F007B4643 /* Schema.swift */; };
		8EEAC3451CCE542F007B4643 /* Setter.swift in Sources */ = {isa = PBXBuildFile; fileRef = 8EEAC3321CCE542F007B4643 /* Setter.swift */; };
		8EEAC3471CCE6621007B4643 /* db.sqlite in Resources */ = {isa = PBXBuildFile; fileRef = 8EEAC2FB1CCE508E007B4643 /* db.sqlite */; };
		8EEAC3491CCE7194007B4643 /* TextNoteViewController.swift in Sources */ = {isa = PBXBuildFile; fileRef = 8EEAC3481CCE7194007B4643 /* TextNoteViewController.swift */; };
		8EEAC34E1CD10F47007B4643 /* DesireListViewController.swift in Sources */ = {isa = PBXBuildFile; fileRef = 8EEAC34D1CD10F46007B4643 /* DesireListViewController.swift */; };
		A01028D41CD227D8005E339F /* bondage.html in Resources */ = {isa = PBXBuildFile; fileRef = A01028D01CD227D8005E339F /* bondage.html */; };
		A01028D51CD227D8005E339F /* i_6eeb0e92aa2e7186_html_77d5e2ab.jpg in Resources */ = {isa = PBXBuildFile; fileRef = A01028D11CD227D8005E339F /* i_6eeb0e92aa2e7186_html_77d5e2ab.jpg */; };
		A01028D61CD227D8005E339F /* i_6eeb0e92aa2e7186_html_85ee0ffa.jpg in Resources */ = {isa = PBXBuildFile; fileRef = A01028D21CD227D8005E339F /* i_6eeb0e92aa2e7186_html_85ee0ffa.jpg */; };
		A01028D71CD227D8005E339F /* i_6eeb0e92aa2e7186_html_7926d373.jpg in Resources */ = {isa = PBXBuildFile; fileRef = A01028D31CD227D8005E339F /* i_6eeb0e92aa2e7186_html_7926d373.jpg */; };
		A01028DC1CD22F13005E339F /* bra.html in Resources */ = {isa = PBXBuildFile; fileRef = A01028D91CD22F13005E339F /* bra.html */; };
		A01028DD1CD22F13005E339F /* i_a6a4e51b6778b3a0_html_9881344f.jpg in Resources */ = {isa = PBXBuildFile; fileRef = A01028DA1CD22F13005E339F /* i_a6a4e51b6778b3a0_html_9881344f.jpg */; };
		A01028DE1CD22F13005E339F /* i_a6a4e51b6778b3a0_html_e70a7969.jpg in Resources */ = {isa = PBXBuildFile; fileRef = A01028DB1CD22F13005E339F /* i_a6a4e51b6778b3a0_html_e70a7969.jpg */; };
		A01028E21CD23225005E339F /* webArticleViewController.swift in Sources */ = {isa = PBXBuildFile; fileRef = A01028E11CD23225005E339F /* webArticleViewController.swift */; };
		A01D66F51CD0F826004960CD /* export.swift in Sources */ = {isa = PBXBuildFile; fileRef = A01D66F21CD0F826004960CD /* export.swift */; };
		A01D66F61CD0F826004960CD /* photo.xib in Resources */ = {isa = PBXBuildFile; fileRef = A01D66F31CD0F826004960CD /* photo.xib */; };
		A01D66F71CD0F826004960CD /* temp.png in Resources */ = {isa = PBXBuildFile; fileRef = A01D66F41CD0F826004960CD /* temp.png */; };
		A01D66FE1CD0F960004960CD /* Crashlytics.framework in Frameworks */ = {isa = PBXBuildFile; fileRef = A01D66FC1CD0F960004960CD /* Crashlytics.framework */; };
		A01D66FF1CD0F960004960CD /* Fabric.framework in Frameworks */ = {isa = PBXBuildFile; fileRef = A01D66FD1CD0F960004960CD /* Fabric.framework */; };
		A01D67031CD0FF97004960CD /* Charts.framework in Frameworks */ = {isa = PBXBuildFile; fileRef = 8EEAC2A11CBBB8FC007B4643 /* Charts.framework */; };
		A01D67041CD0FF97004960CD /* Charts.framework in Embed Frameworks */ = {isa = PBXBuildFile; fileRef = 8EEAC2A11CBBB8FC007B4643 /* Charts.framework */; settings = {ATTRIBUTES = (CodeSignOnCopy, RemoveHeadersOnCopy, ); }; };
		A02058BE1CC9091400C70691 /* notifi.json in Resources */ = {isa = PBXBuildFile; fileRef = A02058BD1CC9091400C70691 /* notifi.json */; };
/* End PBXBuildFile section */

/* Begin PBXContainerItemProxy section */
		8E90A4271C7DF093001F3A07 /* PBXContainerItemProxy */ = {
			isa = PBXContainerItemProxy;
			containerPortal = 8E90A4071C7DF093001F3A07 /* Project object */;
			proxyType = 1;
			remoteGlobalIDString = 8E90A40E1C7DF093001F3A07;
			remoteInfo = rodicalc;
		};
		8E90A4321C7DF093001F3A07 /* PBXContainerItemProxy */ = {
			isa = PBXContainerItemProxy;
			containerPortal = 8E90A4071C7DF093001F3A07 /* Project object */;
			proxyType = 1;
			remoteGlobalIDString = 8E90A40E1C7DF093001F3A07;
			remoteInfo = rodicalc;
		};
		8EEAC2A01CBBB8FC007B4643 /* PBXContainerItemProxy */ = {
			isa = PBXContainerItemProxy;
			containerPortal = 8EEAC2991CBBB8FC007B4643 /* Charts.xcodeproj */;
			proxyType = 2;
			remoteGlobalIDString = 5BA8EC401A9D14DC00CE82E1;
			remoteInfo = "Charts-iOS";
		};
		8EEAC2A21CBBB8FC007B4643 /* PBXContainerItemProxy */ = {
			isa = PBXContainerItemProxy;
			containerPortal = 8EEAC2991CBBB8FC007B4643 /* Charts.xcodeproj */;
			proxyType = 2;
			remoteGlobalIDString = A52C5C371BAC5CA400594CDD;
			remoteInfo = "Charts-TV";
		};
		8EEAC2A41CBBB8FC007B4643 /* PBXContainerItemProxy */ = {
			isa = PBXContainerItemProxy;
			containerPortal = 8EEAC2991CBBB8FC007B4643 /* Charts.xcodeproj */;
			proxyType = 2;
			remoteGlobalIDString = 65B3F5BF1C7370BE000983D0;
			remoteInfo = "Charts-OSX";
		};
		8EEAC2A61CBBB8FC007B4643 /* PBXContainerItemProxy */ = {
			isa = PBXContainerItemProxy;
			containerPortal = 8EEAC2991CBBB8FC007B4643 /* Charts.xcodeproj */;
			proxyType = 2;
			remoteGlobalIDString = 06AEE7A21BDC3F8B009875AE;
			remoteInfo = ChartsTests;
		};
		A01D67051CD0FF97004960CD /* PBXContainerItemProxy */ = {
			isa = PBXContainerItemProxy;
			containerPortal = 8EEAC2991CBBB8FC007B4643 /* Charts.xcodeproj */;
			proxyType = 1;
			remoteGlobalIDString = 5BA8EC3F1A9D14DC00CE82E1;
			remoteInfo = "Charts-iOS";
		};
/* End PBXContainerItemProxy section */

/* Begin PBXCopyFilesBuildPhase section */
		8E56189C1CAA8B2A00C9B7D1 /* Embed Frameworks */ = {
			isa = PBXCopyFilesBuildPhase;
			buildActionMask = 2147483647;
			dstPath = "";
			dstSubfolderSpec = 10;
			files = (
				8E56189B1CAA8B2A00C9B7D1 /* YouTubePlayer.framework in Embed Frameworks */,
				A01D67041CD0FF97004960CD /* Charts.framework in Embed Frameworks */,
			);
			name = "Embed Frameworks";
			runOnlyForDeploymentPostprocessing = 0;
		};
/* End PBXCopyFilesBuildPhase section */

/* Begin PBXFileReference section */
		8E0177591C843819004E7A46 /* WebsViewController.swift */ = {isa = PBXFileReference; fileEncoding = 4; lastKnownFileType = sourcecode.swift; path = WebsViewController.swift; sourceTree = "<group>"; };
		8E1AC9181CA937B30091D8BB /* VideoCollectionViewCell.swift */ = {isa = PBXFileReference; fileEncoding = 4; lastKnownFileType = sourcecode.swift; path = VideoCollectionViewCell.swift; sourceTree = "<group>"; };
		8E1AC96A1CA960820091D8BB /* 0.jpg */ = {isa = PBXFileReference; lastKnownFileType = image.jpeg; path = 0.jpg; sourceTree = "<group>"; };
		8E1AC96B1CA960820091D8BB /* 1.jpg */ = {isa = PBXFileReference; lastKnownFileType = image.jpeg; path = 1.jpg; sourceTree = "<group>"; };
		8E1AC96C1CA960820091D8BB /* 10.jpg */ = {isa = PBXFileReference; lastKnownFileType = image.jpeg; path = 10.jpg; sourceTree = "<group>"; };
		8E1AC96D1CA960820091D8BB /* 11.jpg */ = {isa = PBXFileReference; lastKnownFileType = image.jpeg; path = 11.jpg; sourceTree = "<group>"; };
		8E1AC96E1CA960820091D8BB /* 12.jpg */ = {isa = PBXFileReference; lastKnownFileType = image.jpeg; path = 12.jpg; sourceTree = "<group>"; };
		8E1AC96F1CA960820091D8BB /* 13.jpg */ = {isa = PBXFileReference; lastKnownFileType = image.jpeg; path = 13.jpg; sourceTree = "<group>"; };
		8E1AC9701CA960820091D8BB /* 14.jpg */ = {isa = PBXFileReference; lastKnownFileType = image.jpeg; path = 14.jpg; sourceTree = "<group>"; };
		8E1AC9711CA960820091D8BB /* 15.jpg */ = {isa = PBXFileReference; lastKnownFileType = image.jpeg; path = 15.jpg; sourceTree = "<group>"; };
		8E1AC9721CA960820091D8BB /* 16.jpg */ = {isa = PBXFileReference; lastKnownFileType = image.jpeg; path = 16.jpg; sourceTree = "<group>"; };
		8E1AC9731CA960820091D8BB /* 17.jpg */ = {isa = PBXFileReference; lastKnownFileType = image.jpeg; path = 17.jpg; sourceTree = "<group>"; };
		8E1AC9741CA960820091D8BB /* 18.jpg */ = {isa = PBXFileReference; lastKnownFileType = image.jpeg; path = 18.jpg; sourceTree = "<group>"; };
		8E1AC9751CA960820091D8BB /* 19.jpg */ = {isa = PBXFileReference; lastKnownFileType = image.jpeg; path = 19.jpg; sourceTree = "<group>"; };
		8E1AC9761CA960820091D8BB /* 2.jpg */ = {isa = PBXFileReference; lastKnownFileType = image.jpeg; path = 2.jpg; sourceTree = "<group>"; };
		8E1AC9771CA960820091D8BB /* 20.jpg */ = {isa = PBXFileReference; lastKnownFileType = image.jpeg; path = 20.jpg; sourceTree = "<group>"; };
		8E1AC9781CA960820091D8BB /* 21.jpg */ = {isa = PBXFileReference; lastKnownFileType = image.jpeg; path = 21.jpg; sourceTree = "<group>"; };
		8E1AC9791CA960820091D8BB /* 22.jpg */ = {isa = PBXFileReference; lastKnownFileType = image.jpeg; path = 22.jpg; sourceTree = "<group>"; };
		8E1AC97A1CA960820091D8BB /* 23.jpg */ = {isa = PBXFileReference; lastKnownFileType = image.jpeg; path = 23.jpg; sourceTree = "<group>"; };
		8E1AC97B1CA960820091D8BB /* 24.jpg */ = {isa = PBXFileReference; lastKnownFileType = image.jpeg; path = 24.jpg; sourceTree = "<group>"; };
		8E1AC97C1CA960820091D8BB /* 3.jpg */ = {isa = PBXFileReference; lastKnownFileType = image.jpeg; path = 3.jpg; sourceTree = "<group>"; };
		8E1AC97D1CA960820091D8BB /* 4.jpg */ = {isa = PBXFileReference; lastKnownFileType = image.jpeg; path = 4.jpg; sourceTree = "<group>"; };
		8E1AC97E1CA960820091D8BB /* 5.jpg */ = {isa = PBXFileReference; lastKnownFileType = image.jpeg; path = 5.jpg; sourceTree = "<group>"; };
		8E1AC97F1CA960820091D8BB /* 6.jpg */ = {isa = PBXFileReference; lastKnownFileType = image.jpeg; path = 6.jpg; sourceTree = "<group>"; };
		8E1AC9801CA960820091D8BB /* 7.jpg */ = {isa = PBXFileReference; lastKnownFileType = image.jpeg; path = 7.jpg; sourceTree = "<group>"; };
		8E1AC9811CA960820091D8BB /* 8.jpg */ = {isa = PBXFileReference; lastKnownFileType = image.jpeg; path = 8.jpg; sourceTree = "<group>"; };
		8E1AC9821CA960820091D8BB /* 9.jpg */ = {isa = PBXFileReference; lastKnownFileType = image.jpeg; path = 9.jpg; sourceTree = "<group>"; };
		8E1AC9841CA960820091D8BB /* 0.png */ = {isa = PBXFileReference; lastKnownFileType = image.png; path = 0.png; sourceTree = "<group>"; };
		8E1AC9851CA960820091D8BB /* 1.png */ = {isa = PBXFileReference; lastKnownFileType = image.png; path = 1.png; sourceTree = "<group>"; };
		8E1AC9861CA960820091D8BB /* 2.png */ = {isa = PBXFileReference; lastKnownFileType = image.png; path = 2.png; sourceTree = "<group>"; };
		8E1AC9871CA960820091D8BB /* 3.png */ = {isa = PBXFileReference; lastKnownFileType = image.png; path = 3.png; sourceTree = "<group>"; };
		8E1AC9881CA960820091D8BB /* 4.png */ = {isa = PBXFileReference; lastKnownFileType = image.png; path = 4.png; sourceTree = "<group>"; };
		8E1DD6011CAE78D300D55893 /* PhotoCollectionViewCell.swift */ = {isa = PBXFileReference; fileEncoding = 4; lastKnownFileType = sourcecode.swift; path = PhotoCollectionViewCell.swift; sourceTree = "<group>"; };
		8E1DD6031CAE7F2800D55893 /* SelectPhotosViewController.swift */ = {isa = PBXFileReference; fileEncoding = 4; lastKnownFileType = sourcecode.swift; path = SelectPhotosViewController.swift; sourceTree = "<group>"; };
		8E1DD6051CB26A3D00D55893 /* ShareViewController.swift */ = {isa = PBXFileReference; fileEncoding = 4; lastKnownFileType = sourcecode.swift; path = ShareViewController.swift; sourceTree = "<group>"; };
		8E1DD6071CB2896500D55893 /* zodiacs.json */ = {isa = PBXFileReference; fileEncoding = 4; lastKnownFileType = text.json; path = zodiacs.json; sourceTree = "<group>"; };
		8E1DD6091CB2978500D55893 /* ShowZodiacViewController.swift */ = {isa = PBXFileReference; fileEncoding = 4; lastKnownFileType = sourcecode.swift; path = ShowZodiacViewController.swift; sourceTree = "<group>"; };
		8E1DD60B1CB2A79900D55893 /* DateTableViewCell.swift */ = {isa = PBXFileReference; fileEncoding = 4; lastKnownFileType = sourcecode.swift; path = DateTableViewCell.swift; sourceTree = "<group>"; };
		8E1DD60E1CB6894700D55893 /* names.json */ = {isa = PBXFileReference; fileEncoding = 4; lastKnownFileType = text.json; path = names.json; sourceTree = "<group>"; };
		8E20A0951C7F3A8D00CD6141 /* NameViewController.swift */ = {isa = PBXFileReference; fileEncoding = 4; lastKnownFileType = sourcecode.swift; path = NameViewController.swift; sourceTree = "<group>"; };
		8E20C8B11C998F430003C1CF /* ContentCollectionViewCell.swift */ = {isa = PBXFileReference; fileEncoding = 4; lastKnownFileType = sourcecode.swift; path = ContentCollectionViewCell.swift; sourceTree = "<group>"; };
		8E20C8B21C998F430003C1CF /* ContentCollectionViewCell.xib */ = {isa = PBXFileReference; fileEncoding = 4; lastKnownFileType = file.xib; path = ContentCollectionViewCell.xib; sourceTree = "<group>"; };
		8E20C8B31C998F430003C1CF /* CustomCollectionViewLayout.swift */ = {isa = PBXFileReference; fileEncoding = 4; lastKnownFileType = sourcecode.swift; path = CustomCollectionViewLayout.swift; sourceTree = "<group>"; };
		8E20C8B71C998F520003C1CF /* NumberCollectionViewCell.swift */ = {isa = PBXFileReference; fileEncoding = 4; lastKnownFileType = sourcecode.swift; path = NumberCollectionViewCell.swift; sourceTree = "<group>"; };
		8E20C8B81C998F520003C1CF /* NumberCollectionViewCell.xib */ = {isa = PBXFileReference; fileEncoding = 4; lastKnownFileType = file.xib; path = NumberCollectionViewCell.xib; sourceTree = "<group>"; };
		8E2538F01C84746D00B3C54E /* Plist.swift */ = {isa = PBXFileReference; fileEncoding = 4; lastKnownFileType = sourcecode.swift; path = Plist.swift; sourceTree = "<group>"; };
		8E2538F21C84779F00B3C54E /* userInfo.plist */ = {isa = PBXFileReference; fileEncoding = 4; lastKnownFileType = text.plist.xml; path = userInfo.plist; sourceTree = "<group>"; };
		8E2538F91C848E5100B3C54E /* LineChart.swift */ = {isa = PBXFileReference; fileEncoding = 4; lastKnownFileType = sourcecode.swift; path = LineChart.swift; sourceTree = "<group>"; };
		8E4FACBF1C89CADF003405D0 /* MapKit.framework */ = {isa = PBXFileReference; lastKnownFileType = wrapper.framework; name = MapKit.framework; path = System/Library/Frameworks/MapKit.framework; sourceTree = SDKROOT; };
		8E4FACC11C89CE1C003405D0 /* InternetConnection.swift */ = {isa = PBXFileReference; fileEncoding = 4; lastKnownFileType = sourcecode.swift; path = InternetConnection.swift; sourceTree = "<group>"; };
		8E51BF121CA2AA8000D8D739 /* TableViewCell.swift */ = {isa = PBXFileReference; fileEncoding = 4; lastKnownFileType = sourcecode.swift; path = TableViewCell.swift; sourceTree = "<group>"; };
		8E51BF151CA2D00200D8D739 /* BubbleView.swift */ = {isa = PBXFileReference; fileEncoding = 4; lastKnownFileType = sourcecode.swift; path = BubbleView.swift; sourceTree = "<group>"; };
		8E51BF161CA2D00200D8D739 /* CalloutAnnotation.swift */ = {isa = PBXFileReference; fileEncoding = 4; lastKnownFileType = sourcecode.swift; path = CalloutAnnotation.swift; sourceTree = "<group>"; };
		8E51BF171CA2D00200D8D739 /* CalloutAnnotationView.swift */ = {isa = PBXFileReference; fileEncoding = 4; lastKnownFileType = sourcecode.swift; path = CalloutAnnotationView.swift; sourceTree = "<group>"; };
		8E51BF181CA2D00200D8D739 /* CustomAnnotation.swift */ = {isa = PBXFileReference; fileEncoding = 4; lastKnownFileType = sourcecode.swift; path = CustomAnnotation.swift; sourceTree = "<group>"; };
		8E51BF2C1CA3E8E900D8D739 /* points.json */ = {isa = PBXFileReference; fileEncoding = 4; lastKnownFileType = text.json; path = points.json; sourceTree = "<group>"; };
		8E5618981CAA89AA00C9B7D1 /* YouTubePlayer.framework */ = {isa = PBXFileReference; lastKnownFileType = wrapper.framework; path = YouTubePlayer.framework; sourceTree = "<group>"; };
		8E56189D1CAA8B9100C9B7D1 /* YouTubePlayer.swift */ = {isa = PBXFileReference; fileEncoding = 4; lastKnownFileType = sourcecode.swift; path = YouTubePlayer.swift; sourceTree = "<group>"; };
		8E56189F1CAA8BF600C9B7D1 /* YTPlayer.html */ = {isa = PBXFileReference; fileEncoding = 4; lastKnownFileType = text.html; path = YTPlayer.html; sourceTree = "<group>"; };
		8E5A6B981CD203F80073B693 /* DesireTableViewCell.swift */ = {isa = PBXFileReference; fileEncoding = 4; lastKnownFileType = sourcecode.swift; name = DesireTableViewCell.swift; path = ../DesireTableViewCell.swift; sourceTree = "<group>"; };
		8E5A6B9D1CD20C7D0073B693 /* 0z.jpg */ = {isa = PBXFileReference; lastKnownFileType = image.jpeg; path = 0z.jpg; sourceTree = "<group>"; };
		8E5A6B9E1CD20C7D0073B693 /* 1z.jpg */ = {isa = PBXFileReference; lastKnownFileType = image.jpeg; path = 1z.jpg; sourceTree = "<group>"; };
		8E5A6B9F1CD20C7D0073B693 /* 2z.jpg */ = {isa = PBXFileReference; lastKnownFileType = image.jpeg; path = 2z.jpg; sourceTree = "<group>"; };
		8E5A6BA01CD20C7D0073B693 /* 3z.jpg */ = {isa = PBXFileReference; lastKnownFileType = image.jpeg; path = 3z.jpg; sourceTree = "<group>"; };
		8E5A6BA11CD20C7D0073B693 /* 4z.jpg */ = {isa = PBXFileReference; lastKnownFileType = image.jpeg; path = 4z.jpg; sourceTree = "<group>"; };
		8E5A6BA21CD20C7D0073B693 /* 5z.jpg */ = {isa = PBXFileReference; lastKnownFileType = image.jpeg; path = 5z.jpg; sourceTree = "<group>"; };
		8E5A6BA31CD20C7D0073B693 /* 6z.jpg */ = {isa = PBXFileReference; lastKnownFileType = image.jpeg; path = 6z.jpg; sourceTree = "<group>"; };
		8E5A6BA41CD20C7D0073B693 /* 7z.jpg */ = {isa = PBXFileReference; lastKnownFileType = image.jpeg; path = 7z.jpg; sourceTree = "<group>"; };
		8E5A6BA51CD20C7D0073B693 /* 8z.jpg */ = {isa = PBXFileReference; lastKnownFileType = image.jpeg; path = 8z.jpg; sourceTree = "<group>"; };
		8E5A6BA61CD20C7D0073B693 /* 9z.jpg */ = {isa = PBXFileReference; lastKnownFileType = image.jpeg; path = 9z.jpg; sourceTree = "<group>"; };
		8E5A6BA71CD20C7D0073B693 /* 10z.jpg */ = {isa = PBXFileReference; lastKnownFileType = image.jpeg; path = 10z.jpg; sourceTree = "<group>"; };
		8E5A6BA81CD20C7D0073B693 /* 11z.jpg */ = {isa = PBXFileReference; lastKnownFileType = image.jpeg; path = 11z.jpg; sourceTree = "<group>"; };
		8E6D50321C7F047100878957 /* SkirmishCountViewController.swift */ = {isa = PBXFileReference; fileEncoding = 4; lastKnownFileType = sourcecode.swift; path = SkirmishCountViewController.swift; sourceTree = "<group>"; };
		8E6D50341C7F04F100878957 /* WeightDiagramViewController.swift */ = {isa = PBXFileReference; fileEncoding = 4; lastKnownFileType = sourcecode.swift; path = WeightDiagramViewController.swift; sourceTree = "<group>"; };
		8E6D50361C7F053B00878957 /* PhotosViewController.swift */ = {isa = PBXFileReference; fileEncoding = 4; lastKnownFileType = sourcecode.swift; path = PhotosViewController.swift; sourceTree = "<group>"; };
		8E6D50381C7F056200878957 /* VideosViewController.swift */ = {isa = PBXFileReference; fileEncoding = 4; lastKnownFileType = sourcecode.swift; path = VideosViewController.swift; sourceTree = "<group>"; };
		8E6D503A1C7F05AA00878957 /* NotesViewController.swift */ = {isa = PBXFileReference; fileEncoding = 4; lastKnownFileType = sourcecode.swift; path = NotesViewController.swift; sourceTree = "<group>"; };
		8E6D503C1C7F05D700878957 /* ForumViewController.swift */ = {isa = PBXFileReference; fileEncoding = 4; lastKnownFileType = sourcecode.swift; path = ForumViewController.swift; sourceTree = "<group>"; };
		8E6D503E1C7F063A00878957 /* ExperienceViewController.swift */ = {isa = PBXFileReference; fileEncoding = 4; lastKnownFileType = sourcecode.swift; path = ExperienceViewController.swift; sourceTree = "<group>"; };
		8E6D50401C7F068000878957 /* CalendarViewController.swift */ = {isa = PBXFileReference; fileEncoding = 4; lastKnownFileType = sourcecode.swift; path = CalendarViewController.swift; sourceTree = "<group>"; };
		8E6D50421C7F06BE00878957 /* BuyViewController.swift */ = {isa = PBXFileReference; fileEncoding = 4; lastKnownFileType = sourcecode.swift; path = BuyViewController.swift; sourceTree = "<group>"; };
		8E6D50441C7F06D300878957 /* ExportViewController.swift */ = {isa = PBXFileReference; fileEncoding = 4; lastKnownFileType = sourcecode.swift; path = ExportViewController.swift; sourceTree = "<group>"; };
		8E90A40F1C7DF093001F3A07 /* rodicalc.app */ = {isa = PBXFileReference; explicitFileType = wrapper.application; includeInIndex = 0; path = rodicalc.app; sourceTree = BUILT_PRODUCTS_DIR; };
		8E90A4121C7DF093001F3A07 /* AppDelegate.swift */ = {isa = PBXFileReference; lastKnownFileType = sourcecode.swift; path = AppDelegate.swift; sourceTree = "<group>"; };
		8E90A4171C7DF093001F3A07 /* Base */ = {isa = PBXFileReference; lastKnownFileType = file.storyboard; name = Base; path = Base.lproj/Main.storyboard; sourceTree = "<group>"; };
		8E90A41A1C7DF093001F3A07 /* rodicalc.xcdatamodel */ = {isa = PBXFileReference; lastKnownFileType = wrapper.xcdatamodel; path = rodicalc.xcdatamodel; sourceTree = "<group>"; };
		8E90A41C1C7DF093001F3A07 /* Assets.xcassets */ = {isa = PBXFileReference; lastKnownFileType = folder.assetcatalog; path = Assets.xcassets; sourceTree = "<group>"; };
		8E90A41F1C7DF093001F3A07 /* Base */ = {isa = PBXFileReference; lastKnownFileType = file.storyboard; name = Base; path = Base.lproj/LaunchScreen.storyboard; sourceTree = "<group>"; };
		8E90A4211C7DF093001F3A07 /* Info.plist */ = {isa = PBXFileReference; lastKnownFileType = text.plist.xml; path = Info.plist; sourceTree = "<group>"; };
		8E90A4261C7DF093001F3A07 /* rodicalcTests.xctest */ = {isa = PBXFileReference; explicitFileType = wrapper.cfbundle; includeInIndex = 0; path = rodicalcTests.xctest; sourceTree = BUILT_PRODUCTS_DIR; };
		8E90A42A1C7DF093001F3A07 /* rodicalcTests.swift */ = {isa = PBXFileReference; lastKnownFileType = sourcecode.swift; path = rodicalcTests.swift; sourceTree = "<group>"; };
		8E90A42C1C7DF093001F3A07 /* Info.plist */ = {isa = PBXFileReference; lastKnownFileType = text.plist.xml; path = Info.plist; sourceTree = "<group>"; };
		8E90A4311C7DF093001F3A07 /* rodicalcUITests.xctest */ = {isa = PBXFileReference; explicitFileType = wrapper.cfbundle; includeInIndex = 0; path = rodicalcUITests.xctest; sourceTree = BUILT_PRODUCTS_DIR; };
		8E90A4351C7DF093001F3A07 /* rodicalcUITests.swift */ = {isa = PBXFileReference; lastKnownFileType = sourcecode.swift; path = rodicalcUITests.swift; sourceTree = "<group>"; };
		8E90A4371C7DF093001F3A07 /* Info.plist */ = {isa = PBXFileReference; lastKnownFileType = text.plist.xml; path = Info.plist; sourceTree = "<group>"; };
		8E90A44E1C7DF20E001F3A07 /* MasterTableViewController.swift */ = {isa = PBXFileReference; fileEncoding = 4; lastKnownFileType = sourcecode.swift; path = MasterTableViewController.swift; sourceTree = "<group>"; };
		8E90A4501C7DF36D001F3A07 /* CalcTableViewController.swift */ = {isa = PBXFileReference; fileEncoding = 4; lastKnownFileType = sourcecode.swift; path = CalcTableViewController.swift; sourceTree = "<group>"; };
		8E90A4521C7DF381001F3A07 /* NamesViewController.swift */ = {isa = PBXFileReference; fileEncoding = 4; lastKnownFileType = sourcecode.swift; path = NamesViewController.swift; sourceTree = "<group>"; };
		8EC7110B1CBB941E00ED1416 /* CoreGraphics.framework */ = {isa = PBXFileReference; lastKnownFileType = wrapper.framework; name = CoreGraphics.framework; path = System/Library/Frameworks/CoreGraphics.framework; sourceTree = SDKROOT; };
		8EEAC2991CBBB8FC007B4643 /* Charts.xcodeproj */ = {isa = PBXFileReference; lastKnownFileType = "wrapper.pb-project"; name = Charts.xcodeproj; path = Charts/Charts.xcodeproj; sourceTree = "<group>"; };
		8EEAC2AF1CC4E48E007B4643 /* CVAuxiliaryView.swift */ = {isa = PBXFileReference; fileEncoding = 4; lastKnownFileType = sourcecode.swift; path = CVAuxiliaryView.swift; sourceTree = "<group>"; };
		8EEAC2B01CC4E48E007B4643 /* CVCalendarContentViewController.swift */ = {isa = PBXFileReference; fileEncoding = 4; lastKnownFileType = sourcecode.swift; path = CVCalendarContentViewController.swift; sourceTree = "<group>"; };
		8EEAC2B11CC4E48E007B4643 /* CVCalendarDayView.swift */ = {isa = PBXFileReference; fileEncoding = 4; lastKnownFileType = sourcecode.swift; path = CVCalendarDayView.swift; sourceTree = "<group>"; };
		8EEAC2B21CC4E48E007B4643 /* CVCalendarDayViewControlCoordinator.swift */ = {isa = PBXFileReference; fileEncoding = 4; lastKnownFileType = sourcecode.swift; path = CVCalendarDayViewControlCoordinator.swift; sourceTree = "<group>"; };
		8EEAC2B31CC4E48E007B4643 /* CVCalendarManager.swift */ = {isa = PBXFileReference; fileEncoding = 4; lastKnownFileType = sourcecode.swift; path = CVCalendarManager.swift; sourceTree = "<group>"; };
		8EEAC2B41CC4E48E007B4643 /* CVCalendarMenuView.swift */ = {isa = PBXFileReference; fileEncoding = 4; lastKnownFileType = sourcecode.swift; path = CVCalendarMenuView.swift; sourceTree = "<group>"; };
		8EEAC2B51CC4E48E007B4643 /* CVCalendarMenuViewDelegate.swift */ = {isa = PBXFileReference; fileEncoding = 4; lastKnownFileType = sourcecode.swift; path = CVCalendarMenuViewDelegate.swift; sourceTree = "<group>"; };
		8EEAC2B61CC4E48E007B4643 /* CVCalendarMonthContentViewController.swift */ = {isa = PBXFileReference; fileEncoding = 4; lastKnownFileType = sourcecode.swift; path = CVCalendarMonthContentViewController.swift; sourceTree = "<group>"; };
		8EEAC2B71CC4E48E007B4643 /* CVCalendarMonthView.swift */ = {isa = PBXFileReference; fileEncoding = 4; lastKnownFileType = sourcecode.swift; path = CVCalendarMonthView.swift; sourceTree = "<group>"; };
		8EEAC2B81CC4E48E007B4643 /* CVCalendarTouchController.swift */ = {isa = PBXFileReference; fileEncoding = 4; lastKnownFileType = sourcecode.swift; path = CVCalendarTouchController.swift; sourceTree = "<group>"; };
		8EEAC2B91CC4E48E007B4643 /* CVCalendarView.swift */ = {isa = PBXFileReference; fileEncoding = 4; lastKnownFileType = sourcecode.swift; path = CVCalendarView.swift; sourceTree = "<group>"; };
		8EEAC2BA1CC4E48E007B4643 /* CVCalendarViewAnimator.swift */ = {isa = PBXFileReference; fileEncoding = 4; lastKnownFileType = sourcecode.swift; path = CVCalendarViewAnimator.swift; sourceTree = "<group>"; };
		8EEAC2BB1CC4E48E007B4643 /* CVCalendarViewAnimatorDelegate.swift */ = {isa = PBXFileReference; fileEncoding = 4; lastKnownFileType = sourcecode.swift; path = CVCalendarViewAnimatorDelegate.swift; sourceTree = "<group>"; };
		8EEAC2BC1CC4E48E007B4643 /* CVCalendarViewAppearance.swift */ = {isa = PBXFileReference; fileEncoding = 4; lastKnownFileType = sourcecode.swift; path = CVCalendarViewAppearance.swift; sourceTree = "<group>"; };
		8EEAC2BD1CC4E48E007B4643 /* CVCalendarViewAppearanceDelegate.swift */ = {isa = PBXFileReference; fileEncoding = 4; lastKnownFileType = sourcecode.swift; path = CVCalendarViewAppearanceDelegate.swift; sourceTree = "<group>"; };
		8EEAC2BE1CC4E48E007B4643 /* CVCalendarViewDelegate.swift */ = {isa = PBXFileReference; fileEncoding = 4; lastKnownFileType = sourcecode.swift; path = CVCalendarViewDelegate.swift; sourceTree = "<group>"; };
		8EEAC2BF1CC4E48E007B4643 /* CVCalendarViewPresentationMode.swift */ = {isa = PBXFileReference; fileEncoding = 4; lastKnownFileType = sourcecode.swift; path = CVCalendarViewPresentationMode.swift; sourceTree = "<group>"; };
		8EEAC2C01CC4E48E007B4643 /* CVCalendarWeekContentViewController.swift */ = {isa = PBXFileReference; fileEncoding = 4; lastKnownFileType = sourcecode.swift; path = CVCalendarWeekContentViewController.swift; sourceTree = "<group>"; };
		8EEAC2C11CC4E48E007B4643 /* CVCalendarWeekday.swift */ = {isa = PBXFileReference; fileEncoding = 4; lastKnownFileType = sourcecode.swift; path = CVCalendarWeekday.swift; sourceTree = "<group>"; };
		8EEAC2C21CC4E48E007B4643 /* CVCalendarWeekView.swift */ = {isa = PBXFileReference; fileEncoding = 4; lastKnownFileType = sourcecode.swift; path = CVCalendarWeekView.swift; sourceTree = "<group>"; };
		8EEAC2C31CC4E48E007B4643 /* CVDate.swift */ = {isa = PBXFileReference; fileEncoding = 4; lastKnownFileType = sourcecode.swift; path = CVDate.swift; sourceTree = "<group>"; };
		8EEAC2C41CC4E48E007B4643 /* CVRange.swift */ = {isa = PBXFileReference; fileEncoding = 4; lastKnownFileType = sourcecode.swift; path = CVRange.swift; sourceTree = "<group>"; };
		8EEAC2C51CC4E48E007B4643 /* CVScrollDirection.swift */ = {isa = PBXFileReference; fileEncoding = 4; lastKnownFileType = sourcecode.swift; path = CVScrollDirection.swift; sourceTree = "<group>"; };
		8EEAC2C61CC4E48E007B4643 /* CVSelectionType.swift */ = {isa = PBXFileReference; fileEncoding = 4; lastKnownFileType = sourcecode.swift; path = CVSelectionType.swift; sourceTree = "<group>"; };
		8EEAC2C71CC4E48E007B4643 /* CVSet.swift */ = {isa = PBXFileReference; fileEncoding = 4; lastKnownFileType = sourcecode.swift; path = CVSet.swift; sourceTree = "<group>"; };
		8EEAC2C81CC4E48E007B4643 /* CVShape.swift */ = {isa = PBXFileReference; fileEncoding = 4; lastKnownFileType = sourcecode.swift; path = CVShape.swift; sourceTree = "<group>"; };
		8EEAC2C91CC4E48E007B4643 /* CVWeekdaySymbolType.swift */ = {isa = PBXFileReference; fileEncoding = 4; lastKnownFileType = sourcecode.swift; path = CVWeekdaySymbolType.swift; sourceTree = "<group>"; };
		8EEAC2ED1CCE0E21007B4643 /* watchP.jpg */ = {isa = PBXFileReference; lastKnownFileType = image.jpeg; path = watchP.jpg; sourceTree = "<group>"; };
		8EEAC2EE1CCE0E21007B4643 /* watchG.jpg */ = {isa = PBXFileReference; lastKnownFileType = image.jpeg; path = watchG.jpg; sourceTree = "<group>"; };
		8EEAC2FB1CCE508E007B4643 /* db.sqlite */ = {isa = PBXFileReference; lastKnownFileType = file; path = db.sqlite; sourceTree = "<group>"; };
		8EEAC3171CCE53F7007B4643 /* libsqlite3.dylib */ = {isa = PBXFileReference; lastKnownFileType = "compiled.mach-o.dylib"; name = libsqlite3.dylib; path = ../../../../../usr/lib/libsqlite3.dylib; sourceTree = "<group>"; };
		8EEAC31B1CCE542F007B4643 /* Blob.swift */ = {isa = PBXFileReference; fileEncoding = 4; lastKnownFileType = sourcecode.swift; path = Blob.swift; sourceTree = "<group>"; };
		8EEAC31C1CCE542F007B4643 /* Connection.swift */ = {isa = PBXFileReference; fileEncoding = 4; lastKnownFileType = sourcecode.swift; path = Connection.swift; sourceTree = "<group>"; };
		8EEAC31D1CCE542F007B4643 /* fts3_tokenizer.h */ = {isa = PBXFileReference; fileEncoding = 4; lastKnownFileType = sourcecode.c.h; path = fts3_tokenizer.h; sourceTree = "<group>"; };
		8EEAC31E1CCE542F007B4643 /* SQLite-Bridging.h */ = {isa = PBXFileReference; fileEncoding = 4; lastKnownFileType = sourcecode.c.h; path = "SQLite-Bridging.h"; sourceTree = "<group>"; };
		8EEAC31F1CCE542F007B4643 /* SQLite-Bridging.m */ = {isa = PBXFileReference; fileEncoding = 4; lastKnownFileType = sourcecode.c.objc; path = "SQLite-Bridging.m"; sourceTree = "<group>"; };
		8EEAC3201CCE542F007B4643 /* Statement.swift */ = {isa = PBXFileReference; fileEncoding = 4; lastKnownFileType = sourcecode.swift; path = Statement.swift; sourceTree = "<group>"; };
		8EEAC3211CCE542F007B4643 /* Value.swift */ = {isa = PBXFileReference; fileEncoding = 4; lastKnownFileType = sourcecode.swift; path = Value.swift; sourceTree = "<group>"; };
		8EEAC3231CCE542F007B4643 /* FTS4.swift */ = {isa = PBXFileReference; fileEncoding = 4; lastKnownFileType = sourcecode.swift; path = FTS4.swift; sourceTree = "<group>"; };
		8EEAC3241CCE542F007B4643 /* R*Tree.swift */ = {isa = PBXFileReference; fileEncoding = 4; lastKnownFileType = sourcecode.swift; path = "R*Tree.swift"; sourceTree = "<group>"; };
		8EEAC3251CCE542F007B4643 /* Foundation.swift */ = {isa = PBXFileReference; fileEncoding = 4; lastKnownFileType = sourcecode.swift; path = Foundation.swift; sourceTree = "<group>"; };
		8EEAC3261CCE542F007B4643 /* Helpers.swift */ = {isa = PBXFileReference; fileEncoding = 4; lastKnownFileType = sourcecode.swift; path = Helpers.swift; sourceTree = "<group>"; };
		8EEAC3271CCE542F007B4643 /* Info.plist */ = {isa = PBXFileReference; fileEncoding = 4; lastKnownFileType = text.plist.xml; path = Info.plist; sourceTree = "<group>"; };
		8EEAC3281CCE542F007B4643 /* SQLite.h */ = {isa = PBXFileReference; fileEncoding = 4; lastKnownFileType = sourcecode.c.h; path = SQLite.h; sourceTree = "<group>"; };
		8EEAC32A1CCE542F007B4643 /* AggregateFunctions.swift */ = {isa = PBXFileReference; fileEncoding = 4; lastKnownFileType = sourcecode.swift; path = AggregateFunctions.swift; sourceTree = "<group>"; };
		8EEAC32B1CCE542F007B4643 /* Collation.swift */ = {isa = PBXFileReference; fileEncoding = 4; lastKnownFileType = sourcecode.swift; path = Collation.swift; sourceTree = "<group>"; };
		8EEAC32C1CCE542F007B4643 /* CoreFunctions.swift */ = {isa = PBXFileReference; fileEncoding = 4; lastKnownFileType = sourcecode.swift; path = CoreFunctions.swift; sourceTree = "<group>"; };
		8EEAC32D1CCE542F007B4643 /* CustomFunctions.swift */ = {isa = PBXFileReference; fileEncoding = 4; lastKnownFileType = sourcecode.swift; path = CustomFunctions.swift; sourceTree = "<group>"; };
		8EEAC32E1CCE542F007B4643 /* Expression.swift */ = {isa = PBXFileReference; fileEncoding = 4; lastKnownFileType = sourcecode.swift; path = Expression.swift; sourceTree = "<group>"; };
		8EEAC32F1CCE542F007B4643 /* Operators.swift */ = {isa = PBXFileReference; fileEncoding = 4; lastKnownFileType = sourcecode.swift; path = Operators.swift; sourceTree = "<group>"; };
		8EEAC3301CCE542F007B4643 /* Query.swift */ = {isa = PBXFileReference; fileEncoding = 4; lastKnownFileType = sourcecode.swift; path = Query.swift; sourceTree = "<group>"; };
		8EEAC3311CCE542F007B4643 /* Schema.swift */ = {isa = PBXFileReference; fileEncoding = 4; lastKnownFileType = sourcecode.swift; path = Schema.swift; sourceTree = "<group>"; };
		8EEAC3321CCE542F007B4643 /* Setter.swift */ = {isa = PBXFileReference; fileEncoding = 4; lastKnownFileType = sourcecode.swift; path = Setter.swift; sourceTree = "<group>"; };
		8EEAC3461CCE5462007B4643 /* rodicalc-Bridging-Header.h */ = {isa = PBXFileReference; lastKnownFileType = sourcecode.c.h; path = "rodicalc-Bridging-Header.h"; sourceTree = "<group>"; };
		8EEAC3481CCE7194007B4643 /* TextNoteViewController.swift */ = {isa = PBXFileReference; fileEncoding = 4; lastKnownFileType = sourcecode.swift; path = TextNoteViewController.swift; sourceTree = "<group>"; };
		8EEAC34D1CD10F46007B4643 /* DesireListViewController.swift */ = {isa = PBXFileReference; fileEncoding = 4; lastKnownFileType = sourcecode.swift; path = DesireListViewController.swift; sourceTree = "<group>"; };
		A01028D01CD227D8005E339F /* bondage.html */ = {isa = PBXFileReference; fileEncoding = 4; lastKnownFileType = text.html; path = bondage.html; sourceTree = "<group>"; };
		A01028D11CD227D8005E339F /* i_6eeb0e92aa2e7186_html_77d5e2ab.jpg */ = {isa = PBXFileReference; lastKnownFileType = image.jpeg; path = i_6eeb0e92aa2e7186_html_77d5e2ab.jpg; sourceTree = "<group>"; };
		A01028D21CD227D8005E339F /* i_6eeb0e92aa2e7186_html_85ee0ffa.jpg */ = {isa = PBXFileReference; lastKnownFileType = image.jpeg; path = i_6eeb0e92aa2e7186_html_85ee0ffa.jpg; sourceTree = "<group>"; };
		A01028D31CD227D8005E339F /* i_6eeb0e92aa2e7186_html_7926d373.jpg */ = {isa = PBXFileReference; lastKnownFileType = image.jpeg; path = i_6eeb0e92aa2e7186_html_7926d373.jpg; sourceTree = "<group>"; };
		A01028D91CD22F13005E339F /* bra.html */ = {isa = PBXFileReference; fileEncoding = 4; lastKnownFileType = text.html; path = bra.html; sourceTree = "<group>"; };
		A01028DA1CD22F13005E339F /* i_a6a4e51b6778b3a0_html_9881344f.jpg */ = {isa = PBXFileReference; lastKnownFileType = image.jpeg; path = i_a6a4e51b6778b3a0_html_9881344f.jpg; sourceTree = "<group>"; };
		A01028DB1CD22F13005E339F /* i_a6a4e51b6778b3a0_html_e70a7969.jpg */ = {isa = PBXFileReference; lastKnownFileType = image.jpeg; path = i_a6a4e51b6778b3a0_html_e70a7969.jpg; sourceTree = "<group>"; };
		A01028E11CD23225005E339F /* webArticleViewController.swift */ = {isa = PBXFileReference; fileEncoding = 4; lastKnownFileType = sourcecode.swift; path = webArticleViewController.swift; sourceTree = "<group>"; };
		A01D66F21CD0F826004960CD /* export.swift */ = {isa = PBXFileReference; fileEncoding = 4; lastKnownFileType = sourcecode.swift; path = export.swift; sourceTree = "<group>"; };
		A01D66F31CD0F826004960CD /* photo.xib */ = {isa = PBXFileReference; fileEncoding = 4; lastKnownFileType = file.xib; path = photo.xib; sourceTree = "<group>"; };
		A01D66F41CD0F826004960CD /* temp.png */ = {isa = PBXFileReference; lastKnownFileType = image.png; path = temp.png; sourceTree = "<group>"; };
		A01D66FC1CD0F960004960CD /* Crashlytics.framework */ = {isa = PBXFileReference; lastKnownFileType = wrapper.framework; path = Crashlytics.framework; sourceTree = "<group>"; };
		A01D66FD1CD0F960004960CD /* Fabric.framework */ = {isa = PBXFileReference; lastKnownFileType = wrapper.framework; path = Fabric.framework; sourceTree = "<group>"; };
		A02058BD1CC9091400C70691 /* notifi.json */ = {isa = PBXFileReference; fileEncoding = 4; lastKnownFileType = text.json; name = notifi.json; path = Yoga/notifi.json; sourceTree = "<group>"; };
/* End PBXFileReference section */

/* Begin PBXFrameworksBuildPhase section */
		8E90A40C1C7DF093001F3A07 /* Frameworks */ = {
			isa = PBXFrameworksBuildPhase;
			buildActionMask = 2147483647;
			files = (
				8EEAC3181CCE53F7007B4643 /* libsqlite3.dylib in Frameworks */,
				A01D66FF1CD0F960004960CD /* Fabric.framework in Frameworks */,
				8E4FACC01C89CADF003405D0 /* MapKit.framework in Frameworks */,
				A01D67031CD0FF97004960CD /* Charts.framework in Frameworks */,
				A01D66FE1CD0F960004960CD /* Crashlytics.framework in Frameworks */,
				8E5618991CAA89AA00C9B7D1 /* YouTubePlayer.framework in Frameworks */,
			);
			runOnlyForDeploymentPostprocessing = 0;
		};
		8E90A4231C7DF093001F3A07 /* Frameworks */ = {
			isa = PBXFrameworksBuildPhase;
			buildActionMask = 2147483647;
			files = (
			);
			runOnlyForDeploymentPostprocessing = 0;
		};
		8E90A42E1C7DF093001F3A07 /* Frameworks */ = {
			isa = PBXFrameworksBuildPhase;
			buildActionMask = 2147483647;
			files = (
			);
			runOnlyForDeploymentPostprocessing = 0;
		};
/* End PBXFrameworksBuildPhase section */

/* Begin PBXGroup section */
		8E1AC9691CA960820091D8BB /* Dress */ = {
			isa = PBXGroup;
			children = (
				8E1AC96A1CA960820091D8BB /* 0.jpg */,
				8E1AC96B1CA960820091D8BB /* 1.jpg */,
				8E1AC96C1CA960820091D8BB /* 10.jpg */,
				8E1AC96D1CA960820091D8BB /* 11.jpg */,
				8E1AC96E1CA960820091D8BB /* 12.jpg */,
				8E1AC96F1CA960820091D8BB /* 13.jpg */,
				8E1AC9701CA960820091D8BB /* 14.jpg */,
				8E1AC9711CA960820091D8BB /* 15.jpg */,
				8E1AC9721CA960820091D8BB /* 16.jpg */,
				8E1AC9731CA960820091D8BB /* 17.jpg */,
				8E1AC9741CA960820091D8BB /* 18.jpg */,
				8E1AC9751CA960820091D8BB /* 19.jpg */,
				8E1AC9761CA960820091D8BB /* 2.jpg */,
				8E1AC9771CA960820091D8BB /* 20.jpg */,
				8E1AC9781CA960820091D8BB /* 21.jpg */,
				8E1AC9791CA960820091D8BB /* 22.jpg */,
				8E1AC97A1CA960820091D8BB /* 23.jpg */,
				8E1AC97B1CA960820091D8BB /* 24.jpg */,
				8E1AC97C1CA960820091D8BB /* 3.jpg */,
				8E1AC97D1CA960820091D8BB /* 4.jpg */,
				8E1AC97E1CA960820091D8BB /* 5.jpg */,
				8E1AC97F1CA960820091D8BB /* 6.jpg */,
				8E1AC9801CA960820091D8BB /* 7.jpg */,
				8E1AC9811CA960820091D8BB /* 8.jpg */,
				8E1AC9821CA960820091D8BB /* 9.jpg */,
			);
			path = Dress;
			sourceTree = "<group>";
		};
		8E1AC9831CA960820091D8BB /* Yoga */ = {
			isa = PBXGroup;
			children = (
				8E1AC9841CA960820091D8BB /* 0.png */,
				8E1AC9851CA960820091D8BB /* 1.png */,
				8E1AC9861CA960820091D8BB /* 2.png */,
				8E1AC9871CA960820091D8BB /* 3.png */,
				8E1AC9881CA960820091D8BB /* 4.png */,
			);
			path = Yoga;
			sourceTree = "<group>";
		};
		8E20C8B01C998F130003C1CF /* Custom Layouts */ = {
			isa = PBXGroup;
			children = (
				8E20C8B71C998F520003C1CF /* NumberCollectionViewCell.swift */,
				8E20C8B81C998F520003C1CF /* NumberCollectionViewCell.xib */,
				8E20C8B11C998F430003C1CF /* ContentCollectionViewCell.swift */,
				8E20C8B21C998F430003C1CF /* ContentCollectionViewCell.xib */,
				8E20C8B31C998F430003C1CF /* CustomCollectionViewLayout.swift */,
			);
			name = "Custom Layouts";
			sourceTree = "<group>";
		};
		8E2538F41C848D9200B3C54E /* LineChart */ = {
			isa = PBXGroup;
			children = (
				8E2538F91C848E5100B3C54E /* LineChart.swift */,
			);
			name = LineChart;
			sourceTree = "<group>";
		};
		8E51BF141CA2CFE000D8D739 /* Custom Pins */ = {
			isa = PBXGroup;
			children = (
				8E51BF151CA2D00200D8D739 /* BubbleView.swift */,
				8E51BF161CA2D00200D8D739 /* CalloutAnnotation.swift */,
				8E51BF171CA2D00200D8D739 /* CalloutAnnotationView.swift */,
				8E51BF181CA2D00200D8D739 /* CustomAnnotation.swift */,
			);
			name = "Custom Pins";
			sourceTree = "<group>";
		};
		8E90A4061C7DF093001F3A07 = {
			isa = PBXGroup;
			children = (
				8EEAC3171CCE53F7007B4643 /* libsqlite3.dylib */,
				A01D66FC1CD0F960004960CD /* Crashlytics.framework */,
				A01D66FD1CD0F960004960CD /* Fabric.framework */,
				8EC7110B1CBB941E00ED1416 /* CoreGraphics.framework */,
				8E5618981CAA89AA00C9B7D1 /* YouTubePlayer.framework */,
				8E4FACBF1C89CADF003405D0 /* MapKit.framework */,
				8E90A4111C7DF093001F3A07 /* rodicalc */,
				8E90A4291C7DF093001F3A07 /* rodicalcTests */,
				8E90A4341C7DF093001F3A07 /* rodicalcUITests */,
				8E90A4101C7DF093001F3A07 /* Products */,
			);
			sourceTree = "<group>";
		};
		8E90A4101C7DF093001F3A07 /* Products */ = {
			isa = PBXGroup;
			children = (
				8E90A40F1C7DF093001F3A07 /* rodicalc.app */,
				8E90A4261C7DF093001F3A07 /* rodicalcTests.xctest */,
				8E90A4311C7DF093001F3A07 /* rodicalcUITests.xctest */,
			);
			name = Products;
			sourceTree = "<group>";
		};
		8E90A4111C7DF093001F3A07 /* rodicalc */ = {
			isa = PBXGroup;
			children = (
				A01028CB1CD227B0005E339F /* html */,
				8EEAC2E81CCE0E0D007B4643 /* watch */,
				A02058871CC8C45F00C70691 /* zodiac */,
				8EEAC2AE1CC4E48E007B4643 /* CVCalendar */,
				8EEAC2991CBBB8FC007B4643 /* Charts.xcodeproj */,
				8E56189D1CAA8B9100C9B7D1 /* YouTubePlayer.swift */,
				8EEAC3191CCE542F007B4643 /* SQLite */,
				8EEAC2FB1CCE508E007B4643 /* db.sqlite */,
				8E56189F1CAA8BF600C9B7D1 /* YTPlayer.html */,
				8E51BF2C1CA3E8E900D8D739 /* points.json */,
				8E1DD60E1CB6894700D55893 /* names.json */,
				A01D66F21CD0F826004960CD /* export.swift */,
				A01D66F31CD0F826004960CD /* photo.xib */,
				A01D66F41CD0F826004960CD /* temp.png */,
				8E1DD6071CB2896500D55893 /* zodiacs.json */,
				A02058BD1CC9091400C70691 /* notifi.json */,
				8E51BF141CA2CFE000D8D739 /* Custom Pins */,
				8E20C8B01C998F130003C1CF /* Custom Layouts */,
				8E2538F41C848D9200B3C54E /* LineChart */,
				8E90A4121C7DF093001F3A07 /* AppDelegate.swift */,
				8E2538F01C84746D00B3C54E /* Plist.swift */,
				8E1AC9691CA960820091D8BB /* Dress */,
				8E1AC9831CA960820091D8BB /* Yoga */,
				8E90A4161C7DF093001F3A07 /* Main.storyboard */,
				8E90A41C1C7DF093001F3A07 /* Assets.xcassets */,
				8E90A41E1C7DF093001F3A07 /* LaunchScreen.storyboard */,
				8EEAC3461CCE5462007B4643 /* rodicalc-Bridging-Header.h */,
				8E90A4211C7DF093001F3A07 /* Info.plist */,
				8E2538F21C84779F00B3C54E /* userInfo.plist */,
				8E90A4191C7DF093001F3A07 /* rodicalc.xcdatamodeld */,
				8E90A44E1C7DF20E001F3A07 /* MasterTableViewController.swift */,
				8E90A4501C7DF36D001F3A07 /* CalcTableViewController.swift */,
				8E1DD60B1CB2A79900D55893 /* DateTableViewCell.swift */,
				8E1DD6091CB2978500D55893 /* ShowZodiacViewController.swift */,
				8E90A4521C7DF381001F3A07 /* NamesViewController.swift */,
				8E20A0951C7F3A8D00CD6141 /* NameViewController.swift */,
				8E6D50321C7F047100878957 /* SkirmishCountViewController.swift */,
				8E6D50341C7F04F100878957 /* WeightDiagramViewController.swift */,
				8E6D50361C7F053B00878957 /* PhotosViewController.swift */,
				8E1DD6031CAE7F2800D55893 /* SelectPhotosViewController.swift */,
				8E1DD6051CB26A3D00D55893 /* ShareViewController.swift */,
				8E6D50381C7F056200878957 /* VideosViewController.swift */,
				8E6D503A1C7F05AA00878957 /* NotesViewController.swift */,
				8EEAC3481CCE7194007B4643 /* TextNoteViewController.swift */,
				8EEAC34D1CD10F46007B4643 /* DesireListViewController.swift */,
				8E5A6B981CD203F80073B693 /* DesireTableViewCell.swift */,
				8E6D503C1C7F05D700878957 /* ForumViewController.swift */,
				8E0177591C843819004E7A46 /* WebsViewController.swift */,
				8E6D503E1C7F063A00878957 /* ExperienceViewController.swift */,
				8E6D50401C7F068000878957 /* CalendarViewController.swift */,
				8E6D50421C7F06BE00878957 /* BuyViewController.swift */,
				8E4FACC11C89CE1C003405D0 /* InternetConnection.swift */,
				8E6D50441C7F06D300878957 /* ExportViewController.swift */,
				8E51BF121CA2AA8000D8D739 /* TableViewCell.swift */,
				8E1AC9181CA937B30091D8BB /* VideoCollectionViewCell.swift */,
				8E1DD6011CAE78D300D55893 /* PhotoCollectionViewCell.swift */,
				A01028E11CD23225005E339F /* webArticleViewController.swift */,
			);
			path = rodicalc;
			sourceTree = "<group>";
		};
		8E90A4291C7DF093001F3A07 /* rodicalcTests */ = {
			isa = PBXGroup;
			children = (
				8E90A42A1C7DF093001F3A07 /* rodicalcTests.swift */,
				8E90A42C1C7DF093001F3A07 /* Info.plist */,
			);
			path = rodicalcTests;
			sourceTree = "<group>";
		};
		8E90A4341C7DF093001F3A07 /* rodicalcUITests */ = {
			isa = PBXGroup;
			children = (
				8E90A4351C7DF093001F3A07 /* rodicalcUITests.swift */,
				8E90A4371C7DF093001F3A07 /* Info.plist */,
			);
			path = rodicalcUITests;
			sourceTree = "<group>";
		};
		8EEAC29A1CBBB8FC007B4643 /* Products */ = {
			isa = PBXGroup;
			children = (
				8EEAC2A11CBBB8FC007B4643 /* Charts.framework */,
				8EEAC2A31CBBB8FC007B4643 /* Charts.framework */,
				8EEAC2A51CBBB8FC007B4643 /* Charts.framework */,
				8EEAC2A71CBBB8FC007B4643 /* ChartsTests.xctest */,
			);
			name = Products;
			sourceTree = "<group>";
		};
		8EEAC2AE1CC4E48E007B4643 /* CVCalendar */ = {
			isa = PBXGroup;
			children = (
				8EEAC2AF1CC4E48E007B4643 /* CVAuxiliaryView.swift */,
				8EEAC2B01CC4E48E007B4643 /* CVCalendarContentViewController.swift */,
				8EEAC2B11CC4E48E007B4643 /* CVCalendarDayView.swift */,
				8EEAC2B21CC4E48E007B4643 /* CVCalendarDayViewControlCoordinator.swift */,
				8EEAC2B31CC4E48E007B4643 /* CVCalendarManager.swift */,
				8EEAC2B41CC4E48E007B4643 /* CVCalendarMenuView.swift */,
				8EEAC2B51CC4E48E007B4643 /* CVCalendarMenuViewDelegate.swift */,
				8EEAC2B61CC4E48E007B4643 /* CVCalendarMonthContentViewController.swift */,
				8EEAC2B71CC4E48E007B4643 /* CVCalendarMonthView.swift */,
				8EEAC2B81CC4E48E007B4643 /* CVCalendarTouchController.swift */,
				8EEAC2B91CC4E48E007B4643 /* CVCalendarView.swift */,
				8EEAC2BA1CC4E48E007B4643 /* CVCalendarViewAnimator.swift */,
				8EEAC2BB1CC4E48E007B4643 /* CVCalendarViewAnimatorDelegate.swift */,
				8EEAC2BC1CC4E48E007B4643 /* CVCalendarViewAppearance.swift */,
				8EEAC2BD1CC4E48E007B4643 /* CVCalendarViewAppearanceDelegate.swift */,
				8EEAC2BE1CC4E48E007B4643 /* CVCalendarViewDelegate.swift */,
				8EEAC2BF1CC4E48E007B4643 /* CVCalendarViewPresentationMode.swift */,
				8EEAC2C01CC4E48E007B4643 /* CVCalendarWeekContentViewController.swift */,
				8EEAC2C11CC4E48E007B4643 /* CVCalendarWeekday.swift */,
				8EEAC2C21CC4E48E007B4643 /* CVCalendarWeekView.swift */,
				8EEAC2C31CC4E48E007B4643 /* CVDate.swift */,
				8EEAC2C41CC4E48E007B4643 /* CVRange.swift */,
				8EEAC2C51CC4E48E007B4643 /* CVScrollDirection.swift */,
				8EEAC2C61CC4E48E007B4643 /* CVSelectionType.swift */,
				8EEAC2C71CC4E48E007B4643 /* CVSet.swift */,
				8EEAC2C81CC4E48E007B4643 /* CVShape.swift */,
				8EEAC2C91CC4E48E007B4643 /* CVWeekdaySymbolType.swift */,
			);
			path = CVCalendar;
			sourceTree = "<group>";
		};
		8EEAC2E81CCE0E0D007B4643 /* watch */ = {
			isa = PBXGroup;
			children = (
				8EEAC2ED1CCE0E21007B4643 /* watchP.jpg */,
				8EEAC2EE1CCE0E21007B4643 /* watchG.jpg */,
			);
			name = watch;
			sourceTree = "<group>";
		};
		8EEAC3191CCE542F007B4643 /* SQLite */ = {
			isa = PBXGroup;
			children = (
				8EEAC31A1CCE542F007B4643 /* Core */,
				8EEAC3221CCE542F007B4643 /* Extensions */,
				8EEAC3251CCE542F007B4643 /* Foundation.swift */,
				8EEAC3261CCE542F007B4643 /* Helpers.swift */,
				8EEAC3271CCE542F007B4643 /* Info.plist */,
				8EEAC3281CCE542F007B4643 /* SQLite.h */,
				8EEAC3291CCE542F007B4643 /* Typed */,
			);
			path = SQLite;
			sourceTree = "<group>";
		};
		8EEAC31A1CCE542F007B4643 /* Core */ = {
			isa = PBXGroup;
			children = (
				8EEAC31B1CCE542F007B4643 /* Blob.swift */,
				8EEAC31C1CCE542F007B4643 /* Connection.swift */,
				8EEAC31D1CCE542F007B4643 /* fts3_tokenizer.h */,
				8EEAC31E1CCE542F007B4643 /* SQLite-Bridging.h */,
				8EEAC31F1CCE542F007B4643 /* SQLite-Bridging.m */,
				8EEAC3201CCE542F007B4643 /* Statement.swift */,
				8EEAC3211CCE542F007B4643 /* Value.swift */,
			);
			path = Core;
			sourceTree = "<group>";
		};
		8EEAC3221CCE542F007B4643 /* Extensions */ = {
			isa = PBXGroup;
			children = (
				8EEAC3231CCE542F007B4643 /* FTS4.swift */,
				8EEAC3241CCE542F007B4643 /* R*Tree.swift */,
			);
			path = Extensions;
			sourceTree = "<group>";
		};
		8EEAC3291CCE542F007B4643 /* Typed */ = {
			isa = PBXGroup;
			children = (
				8EEAC32A1CCE542F007B4643 /* AggregateFunctions.swift */,
				8EEAC32B1CCE542F007B4643 /* Collation.swift */,
				8EEAC32C1CCE542F007B4643 /* CoreFunctions.swift */,
				8EEAC32D1CCE542F007B4643 /* CustomFunctions.swift */,
				8EEAC32E1CCE542F007B4643 /* Expression.swift */,
				8EEAC32F1CCE542F007B4643 /* Operators.swift */,
				8EEAC3301CCE542F007B4643 /* Query.swift */,
				8EEAC3311CCE542F007B4643 /* Schema.swift */,
				8EEAC3321CCE542F007B4643 /* Setter.swift */,
			);
			path = Typed;
			sourceTree = "<group>";
		};
		A01028CB1CD227B0005E339F /* html */ = {
			isa = PBXGroup;
			children = (
				A01028D81CD22F01005E339F /* bra */,
				A01028CF1CD227BC005E339F /* bondage */,
			);
			name = html;
			sourceTree = "<group>";
		};
		A01028CF1CD227BC005E339F /* bondage */ = {
			isa = PBXGroup;
			children = (
				A01028D01CD227D8005E339F /* bondage.html */,
				A01028D11CD227D8005E339F /* i_6eeb0e92aa2e7186_html_77d5e2ab.jpg */,
				A01028D21CD227D8005E339F /* i_6eeb0e92aa2e7186_html_85ee0ffa.jpg */,
				A01028D31CD227D8005E339F /* i_6eeb0e92aa2e7186_html_7926d373.jpg */,
			);
			name = bondage;
			sourceTree = "<group>";
		};
		A01028D81CD22F01005E339F /* bra */ = {
			isa = PBXGroup;
			children = (
				A01028D91CD22F13005E339F /* bra.html */,
				A01028DA1CD22F13005E339F /* i_a6a4e51b6778b3a0_html_9881344f.jpg */,
				A01028DB1CD22F13005E339F /* i_a6a4e51b6778b3a0_html_e70a7969.jpg */,
			);
			name = bra;
			sourceTree = "<group>";
		};
		A02058871CC8C45F00C70691 /* zodiac */ = {
			isa = PBXGroup;
			children = (
				8E5A6B9D1CD20C7D0073B693 /* 0z.jpg */,
				8E5A6B9E1CD20C7D0073B693 /* 1z.jpg */,
				8E5A6B9F1CD20C7D0073B693 /* 2z.jpg */,
				8E5A6BA01CD20C7D0073B693 /* 3z.jpg */,
				8E5A6BA11CD20C7D0073B693 /* 4z.jpg */,
				8E5A6BA21CD20C7D0073B693 /* 5z.jpg */,
				8E5A6BA31CD20C7D0073B693 /* 6z.jpg */,
				8E5A6BA41CD20C7D0073B693 /* 7z.jpg */,
				8E5A6BA51CD20C7D0073B693 /* 8z.jpg */,
				8E5A6BA61CD20C7D0073B693 /* 9z.jpg */,
				8E5A6BA71CD20C7D0073B693 /* 10z.jpg */,
				8E5A6BA81CD20C7D0073B693 /* 11z.jpg */,
			);
			name = zodiac;
			sourceTree = "<group>";
		};
/* End PBXGroup section */

/* Begin PBXNativeTarget section */
		8E90A40E1C7DF093001F3A07 /* rodicalc */ = {
			isa = PBXNativeTarget;
			buildConfigurationList = 8E90A43A1C7DF093001F3A07 /* Build configuration list for PBXNativeTarget "rodicalc" */;
			buildPhases = (
				8E90A40B1C7DF093001F3A07 /* Sources */,
				8E90A40C1C7DF093001F3A07 /* Frameworks */,
				8E90A40D1C7DF093001F3A07 /* Resources */,
				8E56189C1CAA8B2A00C9B7D1 /* Embed Frameworks */,
				A01D67011CD0FB7B004960CD /* ShellScript */,
			);
			buildRules = (
			);
			dependencies = (
				A01D67061CD0FF97004960CD /* PBXTargetDependency */,
			);
			name = rodicalc;
			productName = rodicalc;
			productReference = 8E90A40F1C7DF093001F3A07 /* rodicalc.app */;
			productType = "com.apple.product-type.application";
		};
		8E90A4251C7DF093001F3A07 /* rodicalcTests */ = {
			isa = PBXNativeTarget;
			buildConfigurationList = 8E90A43D1C7DF093001F3A07 /* Build configuration list for PBXNativeTarget "rodicalcTests" */;
			buildPhases = (
				8E90A4221C7DF093001F3A07 /* Sources */,
				8E90A4231C7DF093001F3A07 /* Frameworks */,
				8E90A4241C7DF093001F3A07 /* Resources */,
			);
			buildRules = (
			);
			dependencies = (
				8E90A4281C7DF093001F3A07 /* PBXTargetDependency */,
			);
			name = rodicalcTests;
			productName = rodicalcTests;
			productReference = 8E90A4261C7DF093001F3A07 /* rodicalcTests.xctest */;
			productType = "com.apple.product-type.bundle.unit-test";
		};
		8E90A4301C7DF093001F3A07 /* rodicalcUITests */ = {
			isa = PBXNativeTarget;
			buildConfigurationList = 8E90A4401C7DF093001F3A07 /* Build configuration list for PBXNativeTarget "rodicalcUITests" */;
			buildPhases = (
				8E90A42D1C7DF093001F3A07 /* Sources */,
				8E90A42E1C7DF093001F3A07 /* Frameworks */,
				8E90A42F1C7DF093001F3A07 /* Resources */,
			);
			buildRules = (
			);
			dependencies = (
				8E90A4331C7DF093001F3A07 /* PBXTargetDependency */,
			);
			name = rodicalcUITests;
			productName = rodicalcUITests;
			productReference = 8E90A4311C7DF093001F3A07 /* rodicalcUITests.xctest */;
			productType = "com.apple.product-type.bundle.ui-testing";
		};
/* End PBXNativeTarget section */

/* Begin PBXProject section */
		8E90A4071C7DF093001F3A07 /* Project object */ = {
			isa = PBXProject;
			attributes = {
				LastSwiftUpdateCheck = 0720;
				LastUpgradeCheck = 0720;
				ORGANIZATIONNAME = deck;
				TargetAttributes = {
					8E90A40E1C7DF093001F3A07 = {
						CreatedOnToolsVersion = 7.2.1;
						DevelopmentTeam = FBJJC74S38;
					};
					8E90A4251C7DF093001F3A07 = {
						CreatedOnToolsVersion = 7.2.1;
						TestTargetID = 8E90A40E1C7DF093001F3A07;
					};
					8E90A4301C7DF093001F3A07 = {
						CreatedOnToolsVersion = 7.2.1;
						TestTargetID = 8E90A40E1C7DF093001F3A07;
					};
				};
			};
			buildConfigurationList = 8E90A40A1C7DF093001F3A07 /* Build configuration list for PBXProject "rodicalc" */;
			compatibilityVersion = "Xcode 3.2";
			developmentRegion = English;
			hasScannedForEncodings = 0;
			knownRegions = (
				en,
				Base,
			);
			mainGroup = 8E90A4061C7DF093001F3A07;
			productRefGroup = 8E90A4101C7DF093001F3A07 /* Products */;
			projectDirPath = "";
			projectReferences = (
				{
					ProductGroup = 8EEAC29A1CBBB8FC007B4643 /* Products */;
					ProjectRef = 8EEAC2991CBBB8FC007B4643 /* Charts.xcodeproj */;
				},
			);
			projectRoot = "";
			targets = (
				8E90A40E1C7DF093001F3A07 /* rodicalc */,
				8E90A4251C7DF093001F3A07 /* rodicalcTests */,
				8E90A4301C7DF093001F3A07 /* rodicalcUITests */,
			);
		};
/* End PBXProject section */

/* Begin PBXReferenceProxy section */
		8EEAC2A11CBBB8FC007B4643 /* Charts.framework */ = {
			isa = PBXReferenceProxy;
			fileType = wrapper.framework;
			path = Charts.framework;
			remoteRef = 8EEAC2A01CBBB8FC007B4643 /* PBXContainerItemProxy */;
			sourceTree = BUILT_PRODUCTS_DIR;
		};
		8EEAC2A31CBBB8FC007B4643 /* Charts.framework */ = {
			isa = PBXReferenceProxy;
			fileType = wrapper.framework;
			path = Charts.framework;
			remoteRef = 8EEAC2A21CBBB8FC007B4643 /* PBXContainerItemProxy */;
			sourceTree = BUILT_PRODUCTS_DIR;
		};
		8EEAC2A51CBBB8FC007B4643 /* Charts.framework */ = {
			isa = PBXReferenceProxy;
			fileType = wrapper.framework;
			path = Charts.framework;
			remoteRef = 8EEAC2A41CBBB8FC007B4643 /* PBXContainerItemProxy */;
			sourceTree = BUILT_PRODUCTS_DIR;
		};
		8EEAC2A71CBBB8FC007B4643 /* ChartsTests.xctest */ = {
			isa = PBXReferenceProxy;
			fileType = wrapper.cfbundle;
			path = ChartsTests.xctest;
			remoteRef = 8EEAC2A61CBBB8FC007B4643 /* PBXContainerItemProxy */;
			sourceTree = BUILT_PRODUCTS_DIR;
		};
/* End PBXReferenceProxy section */

/* Begin PBXResourcesBuildPhase section */
		8E90A40D1C7DF093001F3A07 /* Resources */ = {
			isa = PBXResourcesBuildPhase;
			buildActionMask = 2147483647;
			files = (
				8EEAC3471CCE6621007B4643 /* db.sqlite in Resources */,
				A01028D71CD227D8005E339F /* i_6eeb0e92aa2e7186_html_7926d373.jpg in Resources */,
				A02058BE1CC9091400C70691 /* notifi.json in Resources */,
				8E1AC9A21CA960820091D8BB /* 0.png in Resources */,
				A01028D41CD227D8005E339F /* bondage.html in Resources */,
				8E1DD6081CB2896500D55893 /* zodiacs.json in Resources */,
				8E1AC9A31CA960820091D8BB /* 1.png in Resources */,
				8E1AC9A41CA960820091D8BB /* 2.png in Resources */,
				8E1AC9A51CA960820091D8BB /* 3.png in Resources */,
				8EEAC2F01CCE0E21007B4643 /* watchG.jpg in Resources */,
				A01D66F61CD0F826004960CD /* photo.xib in Resources */,
				8E1AC9921CA960820091D8BB /* 17.jpg in Resources */,
				8E1DD60F1CB6894700D55893 /* names.json in Resources */,
				8E1AC9981CA960820091D8BB /* 22.jpg in Resources */,
				8E1AC9991CA960820091D8BB /* 23.jpg in Resources */,
				8E1AC98E1CA960820091D8BB /* 13.jpg in Resources */,
				8E1AC9951CA960820091D8BB /* 2.jpg in Resources */,
				8E5A6BAB1CD20C7D0073B693 /* 2z.jpg in Resources */,
				8E1AC98C1CA960820091D8BB /* 11.jpg in Resources */,
				8E5A6BB41CD20C7D0073B693 /* 11z.jpg in Resources */,
				8E1AC99C1CA960820091D8BB /* 4.jpg in Resources */,
				8E1AC98B1CA960820091D8BB /* 10.jpg in Resources */,
				8E51BF2D1CA3E8E900D8D739 /* points.json in Resources */,
				8E90A4201C7DF093001F3A07 /* LaunchScreen.storyboard in Resources */,
				8E1AC9901CA960820091D8BB /* 15.jpg in Resources */,
				8E90A41D1C7DF093001F3A07 /* Assets.xcassets in Resources */,
				8E1AC9941CA960820091D8BB /* 19.jpg in Resources */,
				8E1AC9A11CA960820091D8BB /* 9.jpg in Resources */,
				8E1AC9971CA960820091D8BB /* 21.jpg in Resources */,
				8E90A4181C7DF093001F3A07 /* Main.storyboard in Resources */,
				8E5A6BB31CD20C7D0073B693 /* 10z.jpg in Resources */,
				8E1AC9891CA960820091D8BB /* 0.jpg in Resources */,
				A01028DC1CD22F13005E339F /* bra.html in Resources */,
				A01028DD1CD22F13005E339F /* i_a6a4e51b6778b3a0_html_9881344f.jpg in Resources */,
				8E1AC99A1CA960820091D8BB /* 24.jpg in Resources */,
				8E20C8B51C998F430003C1CF /* ContentCollectionViewCell.xib in Resources */,
				8E1AC99B1CA960820091D8BB /* 3.jpg in Resources */,
				8E5A6BB11CD20C7D0073B693 /* 8z.jpg in Resources */,
				8E5A6BAF1CD20C7D0073B693 /* 6z.jpg in Resources */,
				8E1AC98D1CA960820091D8BB /* 12.jpg in Resources */,
				8E5A6BA91CD20C7D0073B693 /* 0z.jpg in Resources */,
				8E1AC9961CA960820091D8BB /* 20.jpg in Resources */,
				A01028D61CD227D8005E339F /* i_6eeb0e92aa2e7186_html_85ee0ffa.jpg in Resources */,
				A01D66F71CD0F826004960CD /* temp.png in Resources */,
				8E1AC98F1CA960820091D8BB /* 14.jpg in Resources */,
				8EEAC2EF1CCE0E21007B4643 /* watchP.jpg in Resources */,
				8E1AC9911CA960820091D8BB /* 16.jpg in Resources */,
				8E1AC9931CA960820091D8BB /* 18.jpg in Resources */,
				8E5A6BAD1CD20C7D0073B693 /* 4z.jpg in Resources */,
				8E5A6BAA1CD20C7D0073B693 /* 1z.jpg in Resources */,
				8E1AC9A61CA960820091D8BB /* 4.png in Resources */,
				8E5A6BAE1CD20C7D0073B693 /* 5z.jpg in Resources */,
				8E5618A01CAA8BF600C9B7D1 /* YTPlayer.html in Resources */,
				8E1AC98A1CA960820091D8BB /* 1.jpg in Resources */,
				8E5A6BAC1CD20C7D0073B693 /* 3z.jpg in Resources */,
				8E1AC9A01CA960820091D8BB /* 8.jpg in Resources */,
				8E1AC99D1CA960820091D8BB /* 5.jpg in Resources */,
				8E2538F31C84779F00B3C54E /* userInfo.plist in Resources */,
				8E5A6BB01CD20C7D0073B693 /* 7z.jpg in Resources */,
				A01028DE1CD22F13005E339F /* i_a6a4e51b6778b3a0_html_e70a7969.jpg in Resources */,
				8E5A6BB21CD20C7D0073B693 /* 9z.jpg in Resources */,
				A01028D51CD227D8005E339F /* i_6eeb0e92aa2e7186_html_77d5e2ab.jpg in Resources */,
				8EEAC33C1CCE542F007B4643 /* Info.plist in Resources */,
				8E1AC99F1CA960820091D8BB /* 7.jpg in Resources */,
				8E20C8BA1C998F520003C1CF /* NumberCollectionViewCell.xib in Resources */,
				8E1AC99E1CA960820091D8BB /* 6.jpg in Resources */,
			);
			runOnlyForDeploymentPostprocessing = 0;
		};
		8E90A4241C7DF093001F3A07 /* Resources */ = {
			isa = PBXResourcesBuildPhase;
			buildActionMask = 2147483647;
			files = (
			);
			runOnlyForDeploymentPostprocessing = 0;
		};
		8E90A42F1C7DF093001F3A07 /* Resources */ = {
			isa = PBXResourcesBuildPhase;
			buildActionMask = 2147483647;
			files = (
			);
			runOnlyForDeploymentPostprocessing = 0;
		};
/* End PBXResourcesBuildPhase section */

/* Begin PBXShellScriptBuildPhase section */
		A01D67011CD0FB7B004960CD /* ShellScript */ = {
			isa = PBXShellScriptBuildPhase;
			buildActionMask = 2147483647;
			files = (
			);
			inputPaths = (
			);
			outputPaths = (
			);
			runOnlyForDeploymentPostprocessing = 0;
			shellPath = /bin/sh;
			shellScript = "./Fabric.framework/run 7f0d441a445b99ad9be96af08be5f9e0255de5f5 6f1c6d273d9d2d4f5e74dd780c4b86e441f769af139465503ee9d4a245096798";
		};
/* End PBXShellScriptBuildPhase section */

/* Begin PBXSourcesBuildPhase section */
		8E90A40B1C7DF093001F3A07 /* Sources */ = {
			isa = PBXSourcesBuildPhase;
			buildActionMask = 2147483647;
			files = (
				8E1DD60C1CB2A79900D55893 /* DateTableViewCell.swift in Sources */,
				8EEAC33E1CCE542F007B4643 /* Collation.swift in Sources */,
				8EEAC3491CCE7194007B4643 /* TextNoteViewController.swift in Sources */,
				8E6D50371C7F053B00878957 /* PhotosViewController.swift in Sources */,
				8EEAC2CD1CC4E48E007B4643 /* CVCalendarDayViewControlCoordinator.swift in Sources */,
				8EEAC2D61CC4E48E007B4643 /* CVCalendarViewAnimatorDelegate.swift in Sources */,
				8E90A4511C7DF36D001F3A07 /* CalcTableViewController.swift in Sources */,
				8E20C8B41C998F430003C1CF /* ContentCollectionViewCell.swift in Sources */,
				8EEAC3401CCE542F007B4643 /* CustomFunctions.swift in Sources */,
				8E20C8B91C998F520003C1CF /* NumberCollectionViewCell.swift in Sources */,
				8E90A41B1C7DF093001F3A07 /* rodicalc.xcdatamodeld in Sources */,
				8E1DD60A1CB2978500D55893 /* ShowZodiacViewController.swift in Sources */,
				8EEAC2D51CC4E48E007B4643 /* CVCalendarViewAnimator.swift in Sources */,
				8EEAC3381CCE542F007B4643 /* FTS4.swift in Sources */,
				8EEAC2D21CC4E48E007B4643 /* CVCalendarMonthView.swift in Sources */,
				8E90A4131C7DF093001F3A07 /* AppDelegate.swift in Sources */,
				8E56189E1CAA8B9100C9B7D1 /* YouTubePlayer.swift in Sources */,
				8EEAC2D41CC4E48E007B4643 /* CVCalendarView.swift in Sources */,
				8EEAC2DA1CC4E48E007B4643 /* CVCalendarViewPresentationMode.swift in Sources */,
				8E5A6B991CD203F80073B693 /* DesireTableViewCell.swift in Sources */,
				8E2538FA1C848E5100B3C54E /* LineChart.swift in Sources */,
				8EEAC2D71CC4E48E007B4643 /* CVCalendarViewAppearance.swift in Sources */,
				8EEAC2E41CC4E48E007B4643 /* CVWeekdaySymbolType.swift in Sources */,
				8EEAC33D1CCE542F007B4643 /* AggregateFunctions.swift in Sources */,
				8E1AC9191CA937B30091D8BB /* VideoCollectionViewCell.swift in Sources */,
				8EEAC3411CCE542F007B4643 /* Expression.swift in Sources */,
				A01D66F51CD0F826004960CD /* export.swift in Sources */,
				8E6D50331C7F047100878957 /* SkirmishCountViewController.swift in Sources */,
				8E20A0961C7F3A8D00CD6141 /* NameViewController.swift in Sources */,
				8EEAC3361CCE542F007B4643 /* Statement.swift in Sources */,
				8E51BF131CA2AA8000D8D739 /* TableViewCell.swift in Sources */,
				8EEAC3441CCE542F007B4643 /* Schema.swift in Sources */,
				8EEAC2DF1CC4E48E007B4643 /* CVRange.swift in Sources */,
				8E1DD6061CB26A3D00D55893 /* ShareViewController.swift in Sources */,
				8EEAC2CE1CC4E48E007B4643 /* CVCalendarManager.swift in Sources */,
				8E6D503D1C7F05D700878957 /* ForumViewController.swift in Sources */,
				8EEAC3371CCE542F007B4643 /* Value.swift in Sources */,
				8EEAC3351CCE542F007B4643 /* SQLite-Bridging.m in Sources */,
				8EEAC2CA1CC4E48E007B4643 /* CVAuxiliaryView.swift in Sources */,
				8E6D503B1C7F05AA00878957 /* NotesViewController.swift in Sources */,
				8E1DD6041CAE7F2800D55893 /* SelectPhotosViewController.swift in Sources */,
				8EEAC2CB1CC4E48E007B4643 /* CVCalendarContentViewController.swift in Sources */,
				8E90A44F1C7DF20E001F3A07 /* MasterTableViewController.swift in Sources */,
				8E51BF1A1CA2D00200D8D739 /* CalloutAnnotation.swift in Sources */,
				8EEAC2E01CC4E48E007B4643 /* CVScrollDirection.swift in Sources */,
				8EEAC2D31CC4E48E007B4643 /* CVCalendarTouchController.swift in Sources */,
				8EEAC33B1CCE542F007B4643 /* Helpers.swift in Sources */,
				8EEAC2D81CC4E48E007B4643 /* CVCalendarViewAppearanceDelegate.swift in Sources */,
				8E2538F11C84746D00B3C54E /* Plist.swift in Sources */,
				8EEAC2D11CC4E48E007B4643 /* CVCalendarMonthContentViewController.swift in Sources */,
				8EEAC3431CCE542F007B4643 /* Query.swift in Sources */,
				8EEAC2E11CC4E48E007B4643 /* CVSelectionType.swift in Sources */,
				8E4FACC21C89CE1C003405D0 /* InternetConnection.swift in Sources */,
				8E6D503F1C7F063A00878957 /* ExperienceViewController.swift in Sources */,
				8E90A4531C7DF381001F3A07 /* NamesViewController.swift in Sources */,
				8EEAC2D01CC4E48E007B4643 /* CVCalendarMenuViewDelegate.swift in Sources */,
				8EEAC2E31CC4E48E007B4643 /* CVShape.swift in Sources */,
				8E6D50411C7F068000878957 /* CalendarViewController.swift in Sources */,
				8EEAC33A1CCE542F007B4643 /* Foundation.swift in Sources */,
				8E6D50351C7F04F100878957 /* WeightDiagramViewController.swift in Sources */,
				8EEAC2DB1CC4E48E007B4643 /* CVCalendarWeekContentViewController.swift in Sources */,
				8EEAC2CC1CC4E48E007B4643 /* CVCalendarDayView.swift in Sources */,
				8EEAC2D91CC4E48E007B4643 /* CVCalendarViewDelegate.swift in Sources */,
				8EEAC2DD1CC4E48E007B4643 /* CVCalendarWeekView.swift in Sources */,
				8E1DD6021CAE78D300D55893 /* PhotoCollectionViewCell.swift in Sources */,
				8EEAC34E1CD10F47007B4643 /* DesireListViewController.swift in Sources */,
				8EEAC3451CCE542F007B4643 /* Setter.swift in Sources */,
				8EEAC2CF1CC4E48E007B4643 /* CVCalendarMenuView.swift in Sources */,
				8EEAC3331CCE542F007B4643 /* Blob.swift in Sources */,
				8EEAC2DE1CC4E48E007B4643 /* CVDate.swift in Sources */,
				8E6D50451C7F06D300878957 /* ExportViewController.swift in Sources */,
				8E51BF191CA2D00200D8D739 /* BubbleView.swift in Sources */,
				8E6D50391C7F056200878957 /* VideosViewController.swift in Sources */,
				8E6D50431C7F06BE00878957 /* BuyViewController.swift in Sources */,
				8EEAC2DC1CC4E48E007B4643 /* CVCalendarWeekday.swift in Sources */,
				8EEAC33F1CCE542F007B4643 /* CoreFunctions.swift in Sources */,
				8EEAC2E21CC4E48E007B4643 /* CVSet.swift in Sources */,
				A01028E21CD23225005E339F /* webArticleViewController.swift in Sources */,
				8EEAC3341CCE542F007B4643 /* Connection.swift in Sources */,
				8E20C8B61C998F430003C1CF /* CustomCollectionViewLayout.swift in Sources */,
				8EEAC3421CCE542F007B4643 /* Operators.swift in Sources */,
				8E01775A1C843819004E7A46 /* WebsViewController.swift in Sources */,
				8E51BF1B1CA2D00200D8D739 /* CalloutAnnotationView.swift in Sources */,
				8EEAC3391CCE542F007B4643 /* R*Tree.swift in Sources */,
				8E51BF1C1CA2D00200D8D739 /* CustomAnnotation.swift in Sources */,
			);
			runOnlyForDeploymentPostprocessing = 0;
		};
		8E90A4221C7DF093001F3A07 /* Sources */ = {
			isa = PBXSourcesBuildPhase;
			buildActionMask = 2147483647;
			files = (
				8E90A42B1C7DF093001F3A07 /* rodicalcTests.swift in Sources */,
			);
			runOnlyForDeploymentPostprocessing = 0;
		};
		8E90A42D1C7DF093001F3A07 /* Sources */ = {
			isa = PBXSourcesBuildPhase;
			buildActionMask = 2147483647;
			files = (
				8E90A4361C7DF093001F3A07 /* rodicalcUITests.swift in Sources */,
			);
			runOnlyForDeploymentPostprocessing = 0;
		};
/* End PBXSourcesBuildPhase section */

/* Begin PBXTargetDependency section */
		8E90A4281C7DF093001F3A07 /* PBXTargetDependency */ = {
			isa = PBXTargetDependency;
			target = 8E90A40E1C7DF093001F3A07 /* rodicalc */;
			targetProxy = 8E90A4271C7DF093001F3A07 /* PBXContainerItemProxy */;
		};
		8E90A4331C7DF093001F3A07 /* PBXTargetDependency */ = {
			isa = PBXTargetDependency;
			target = 8E90A40E1C7DF093001F3A07 /* rodicalc */;
			targetProxy = 8E90A4321C7DF093001F3A07 /* PBXContainerItemProxy */;
		};
		A01D67061CD0FF97004960CD /* PBXTargetDependency */ = {
			isa = PBXTargetDependency;
			name = "Charts-iOS";
			targetProxy = A01D67051CD0FF97004960CD /* PBXContainerItemProxy */;
		};
/* End PBXTargetDependency section */

/* Begin PBXVariantGroup section */
		8E90A4161C7DF093001F3A07 /* Main.storyboard */ = {
			isa = PBXVariantGroup;
			children = (
				8E90A4171C7DF093001F3A07 /* Base */,
			);
			name = Main.storyboard;
			sourceTree = "<group>";
		};
		8E90A41E1C7DF093001F3A07 /* LaunchScreen.storyboard */ = {
			isa = PBXVariantGroup;
			children = (
				8E90A41F1C7DF093001F3A07 /* Base */,
			);
			name = LaunchScreen.storyboard;
			sourceTree = "<group>";
		};
/* End PBXVariantGroup section */

/* Begin XCBuildConfiguration section */
		8E90A4381C7DF093001F3A07 /* Debug */ = {
			isa = XCBuildConfiguration;
			buildSettings = {
				ALWAYS_SEARCH_USER_PATHS = NO;
				CLANG_CXX_LANGUAGE_STANDARD = "gnu++0x";
				CLANG_CXX_LIBRARY = "libc++";
				CLANG_ENABLE_MODULES = YES;
				CLANG_ENABLE_OBJC_ARC = YES;
				CLANG_WARN_BOOL_CONVERSION = YES;
				CLANG_WARN_CONSTANT_CONVERSION = YES;
				CLANG_WARN_DIRECT_OBJC_ISA_USAGE = YES_ERROR;
				CLANG_WARN_EMPTY_BODY = YES;
				CLANG_WARN_ENUM_CONVERSION = YES;
				CLANG_WARN_INT_CONVERSION = YES;
				CLANG_WARN_OBJC_ROOT_CLASS = YES_ERROR;
				CLANG_WARN_UNREACHABLE_CODE = YES;
				CLANG_WARN__DUPLICATE_METHOD_MATCH = YES;
				"CODE_SIGN_IDENTITY[sdk=iphoneos*]" = "iPhone Developer";
				COPY_PHASE_STRIP = NO;
				DEBUG_INFORMATION_FORMAT = dwarf;
				ENABLE_STRICT_OBJC_MSGSEND = YES;
				ENABLE_TESTABILITY = YES;
				GCC_C_LANGUAGE_STANDARD = gnu99;
				GCC_DYNAMIC_NO_PIC = NO;
				GCC_NO_COMMON_BLOCKS = YES;
				GCC_OPTIMIZATION_LEVEL = 0;
				GCC_PREPROCESSOR_DEFINITIONS = (
					"DEBUG=1",
					"$(inherited)",
				);
				GCC_WARN_64_TO_32_BIT_CONVERSION = YES;
				GCC_WARN_ABOUT_RETURN_TYPE = YES_ERROR;
				GCC_WARN_UNDECLARED_SELECTOR = YES;
				GCC_WARN_UNINITIALIZED_AUTOS = YES_AGGRESSIVE;
				GCC_WARN_UNUSED_FUNCTION = YES;
				GCC_WARN_UNUSED_VARIABLE = YES;
				IPHONEOS_DEPLOYMENT_TARGET = 9.2;
				MTL_ENABLE_DEBUG_INFO = YES;
				ONLY_ACTIVE_ARCH = YES;
				SDKROOT = iphoneos;
				SWIFT_OPTIMIZATION_LEVEL = "-Onone";
				TARGETED_DEVICE_FAMILY = 2;
			};
			name = Debug;
		};
		8E90A4391C7DF093001F3A07 /* Release */ = {
			isa = XCBuildConfiguration;
			buildSettings = {
				ALWAYS_SEARCH_USER_PATHS = NO;
				CLANG_CXX_LANGUAGE_STANDARD = "gnu++0x";
				CLANG_CXX_LIBRARY = "libc++";
				CLANG_ENABLE_MODULES = YES;
				CLANG_ENABLE_OBJC_ARC = YES;
				CLANG_WARN_BOOL_CONVERSION = YES;
				CLANG_WARN_CONSTANT_CONVERSION = YES;
				CLANG_WARN_DIRECT_OBJC_ISA_USAGE = YES_ERROR;
				CLANG_WARN_EMPTY_BODY = YES;
				CLANG_WARN_ENUM_CONVERSION = YES;
				CLANG_WARN_INT_CONVERSION = YES;
				CLANG_WARN_OBJC_ROOT_CLASS = YES_ERROR;
				CLANG_WARN_UNREACHABLE_CODE = YES;
				CLANG_WARN__DUPLICATE_METHOD_MATCH = YES;
				"CODE_SIGN_IDENTITY[sdk=iphoneos*]" = "iPhone Developer";
				COPY_PHASE_STRIP = NO;
				DEBUG_INFORMATION_FORMAT = "dwarf-with-dsym";
				ENABLE_NS_ASSERTIONS = NO;
				ENABLE_STRICT_OBJC_MSGSEND = YES;
				GCC_C_LANGUAGE_STANDARD = gnu99;
				GCC_NO_COMMON_BLOCKS = YES;
				GCC_WARN_64_TO_32_BIT_CONVERSION = YES;
				GCC_WARN_ABOUT_RETURN_TYPE = YES_ERROR;
				GCC_WARN_UNDECLARED_SELECTOR = YES;
				GCC_WARN_UNINITIALIZED_AUTOS = YES_AGGRESSIVE;
				GCC_WARN_UNUSED_FUNCTION = YES;
				GCC_WARN_UNUSED_VARIABLE = YES;
				IPHONEOS_DEPLOYMENT_TARGET = 9.2;
				MTL_ENABLE_DEBUG_INFO = NO;
				SDKROOT = iphoneos;
				TARGETED_DEVICE_FAMILY = 2;
				VALIDATE_PRODUCT = YES;
			};
			name = Release;
		};
		8E90A43B1C7DF093001F3A07 /* Debug */ = {
			isa = XCBuildConfiguration;
			buildSettings = {
				ASSETCATALOG_COMPILER_APPICON_NAME = AppIcon;
				CLANG_ENABLE_MODULES = YES;
				CODE_SIGN_IDENTITY = "iPhone Developer";
				"CODE_SIGN_IDENTITY[sdk=iphoneos*]" = "iPhone Developer";
				EMBEDDED_CONTENT_CONTAINS_SWIFT = YES;
				ENABLE_BITCODE = NO;
				FRAMEWORK_SEARCH_PATHS = (
					"$(inherited)",
					"$(PROJECT_DIR)/rodicalc",
					"$(PROJECT_DIR)",
				);
				INFOPLIST_FILE = rodicalc/Info.plist;
				IPHONEOS_DEPLOYMENT_TARGET = 8.0;
				LD_RUNPATH_SEARCH_PATHS = "$(inherited) @executable_path/Frameworks";
				PRODUCT_BUNDLE_IDENTIFIER = ru.mamafest.pregnancycalendar;
				PRODUCT_NAME = "$(TARGET_NAME)";
				PROVISIONING_PROFILE = "";
				SWIFT_OBJC_BRIDGING_HEADER = "rodicalc/rodicalc-Bridging-Header.h";
				SWIFT_OPTIMIZATION_LEVEL = "-O";
			};
			name = Debug;
		};
		8E90A43C1C7DF093001F3A07 /* Release */ = {
			isa = XCBuildConfiguration;
			buildSettings = {
				ASSETCATALOG_COMPILER_APPICON_NAME = AppIcon;
				CLANG_ENABLE_MODULES = YES;
				CODE_SIGN_IDENTITY = "iPhone Developer";
				"CODE_SIGN_IDENTITY[sdk=iphoneos*]" = "iPhone Developer";
				EMBEDDED_CONTENT_CONTAINS_SWIFT = YES;
				ENABLE_BITCODE = NO;
				FRAMEWORK_SEARCH_PATHS = (
					"$(inherited)",
					"$(PROJECT_DIR)/rodicalc",
					"$(PROJECT_DIR)",
				);
				INFOPLIST_FILE = rodicalc/Info.plist;
				IPHONEOS_DEPLOYMENT_TARGET = 8.0;
				LD_RUNPATH_SEARCH_PATHS = "$(inherited) @executable_path/Frameworks";
				PRODUCT_BUNDLE_IDENTIFIER = ru.mamafest.pregnancycalendar;
				PRODUCT_NAME = "$(TARGET_NAME)";
				PROVISIONING_PROFILE = "";
				SWIFT_OBJC_BRIDGING_HEADER = "rodicalc/rodicalc-Bridging-Header.h";
				SWIFT_OPTIMIZATION_LEVEL = "-Onone";
			};
			name = Release;
		};
		8E90A43E1C7DF093001F3A07 /* Debug */ = {
			isa = XCBuildConfiguration;
			buildSettings = {
				BUNDLE_LOADER = "$(TEST_HOST)";
				INFOPLIST_FILE = rodicalcTests/Info.plist;
				LD_RUNPATH_SEARCH_PATHS = "$(inherited) @executable_path/Frameworks @loader_path/Frameworks";
				PRODUCT_BUNDLE_IDENTIFIER = cirkon.rodicalcTests;
				PRODUCT_NAME = "$(TARGET_NAME)";
				TEST_HOST = "$(BUILT_PRODUCTS_DIR)/rodicalc.app/rodicalc";
			};
			name = Debug;
		};
		8E90A43F1C7DF093001F3A07 /* Release */ = {
			isa = XCBuildConfiguration;
			buildSettings = {
				BUNDLE_LOADER = "$(TEST_HOST)";
				INFOPLIST_FILE = rodicalcTests/Info.plist;
				LD_RUNPATH_SEARCH_PATHS = "$(inherited) @executable_path/Frameworks @loader_path/Frameworks";
				PRODUCT_BUNDLE_IDENTIFIER = cirkon.rodicalcTests;
				PRODUCT_NAME = "$(TARGET_NAME)";
				TEST_HOST = "$(BUILT_PRODUCTS_DIR)/rodicalc.app/rodicalc";
			};
			name = Release;
		};
		8E90A4411C7DF093001F3A07 /* Debug */ = {
			isa = XCBuildConfiguration;
			buildSettings = {
				"CODE_SIGN_ENTITLEMENTS[sdk=*]" = "";
				INFOPLIST_FILE = rodicalcUITests/Info.plist;
				IPHONEOS_DEPLOYMENT_TARGET = 7.0;
				LD_RUNPATH_SEARCH_PATHS = "$(inherited) @executable_path/Frameworks @loader_path/Frameworks";
				PRODUCT_BUNDLE_IDENTIFIER = cirkon.rodicalcUITests;
				PRODUCT_NAME = "$(TARGET_NAME)";
				TEST_TARGET_NAME = rodicalc;
				USES_XCTRUNNER = YES;
			};
			name = Debug;
		};
		8E90A4421C7DF093001F3A07 /* Release */ = {
			isa = XCBuildConfiguration;
			buildSettings = {
				INFOPLIST_FILE = rodicalcUITests/Info.plist;
				IPHONEOS_DEPLOYMENT_TARGET = 7.0;
				LD_RUNPATH_SEARCH_PATHS = "$(inherited) @executable_path/Frameworks @loader_path/Frameworks";
				PRODUCT_BUNDLE_IDENTIFIER = cirkon.rodicalcUITests;
				PRODUCT_NAME = "$(TARGET_NAME)";
				TEST_TARGET_NAME = rodicalc;
				USES_XCTRUNNER = YES;
			};
			name = Release;
		};
/* End XCBuildConfiguration section */

/* Begin XCConfigurationList section */
		8E90A40A1C7DF093001F3A07 /* Build configuration list for PBXProject "rodicalc" */ = {
			isa = XCConfigurationList;
			buildConfigurations = (
				8E90A4381C7DF093001F3A07 /* Debug */,
				8E90A4391C7DF093001F3A07 /* Release */,
			);
			defaultConfigurationIsVisible = 0;
			defaultConfigurationName = Release;
		};
		8E90A43A1C7DF093001F3A07 /* Build configuration list for PBXNativeTarget "rodicalc" */ = {
			isa = XCConfigurationList;
			buildConfigurations = (
				8E90A43B1C7DF093001F3A07 /* Debug */,
				8E90A43C1C7DF093001F3A07 /* Release */,
			);
			defaultConfigurationIsVisible = 0;
			defaultConfigurationName = Release;
		};
		8E90A43D1C7DF093001F3A07 /* Build configuration list for PBXNativeTarget "rodicalcTests" */ = {
			isa = XCConfigurationList;
			buildConfigurations = (
				8E90A43E1C7DF093001F3A07 /* Debug */,
				8E90A43F1C7DF093001F3A07 /* Release */,
			);
			defaultConfigurationIsVisible = 0;
			defaultConfigurationName = Release;
		};
		8E90A4401C7DF093001F3A07 /* Build configuration list for PBXNativeTarget "rodicalcUITests" */ = {
			isa = XCConfigurationList;
			buildConfigurations = (
				8E90A4411C7DF093001F3A07 /* Debug */,
				8E90A4421C7DF093001F3A07 /* Release */,
			);
			defaultConfigurationIsVisible = 0;
			defaultConfigurationName = Release;
		};
/* End XCConfigurationList section */

/* Begin XCVersionGroup section */
		8E90A4191C7DF093001F3A07 /* rodicalc.xcdatamodeld */ = {
			isa = XCVersionGroup;
			children = (
				8E90A41A1C7DF093001F3A07 /* rodicalc.xcdatamodel */,
			);
			currentVersion = 8E90A41A1C7DF093001F3A07 /* rodicalc.xcdatamodel */;
			path = rodicalc.xcdatamodeld;
			sourceTree = "<group>";
			versionGroupType = wrapper.xcdatamodel;
		};
/* End XCVersionGroup section */
	};
	rootObject = 8E90A4071C7DF093001F3A07 /* Project object */;
}
